
Microsoft Visual Studio Solution File, Format Version 12.00
# Visual Studio Version 17
VisualStudioVersion = 17.2.32630.192
MinimumVisualStudioVersion = 10.0.40219.1
Project("{9A19103F-16F7-4668-BE54-9A1E7A4F7556}") = "R5T.F0042", "R5T.F0042\R5T.F0042.csproj", "{6577EE50-45A0-4CA2-8ACB-1825BA26E89C}"
EndProject
Project("{2150E333-8FDC-42A3-9474-1A3956D46DE8}") = "_Dependencies", "_Dependencies", "{9A8997C6-AB23-4F7B-8621-86E26CEA997B}"
EndProject
Project("{9A19103F-16F7-4668-BE54-9A1E7A4F7556}") = "R5T.T0132", "..\..\R5T.T0132\source\R5T.T0132\R5T.T0132.csproj", "{C5A9E4E4-F6DC-4EF0-A8DF-EBF66831886E}"
EndProject
Project("{9A19103F-16F7-4668-BE54-9A1E7A4F7556}") = "R5T.F0041", "..\..\R5T.F0041\source\R5T.F0041\R5T.F0041.csproj", "{82382111-CF02-45DD-B1DF-1793F2209A6C}"
EndProject
Project("{9A19103F-16F7-4668-BE54-9A1E7A4F7556}") = "R5T.F0002", "..\..\R5T.F0002\source\R5T.F0002\R5T.F0002.csproj", "{53A5DE5A-81D6-460A-9F79-FDA005F1ED8D}"
EndProject
Project("{9A19103F-16F7-4668-BE54-9A1E7A4F7556}") = "R5T.F0000", "..\..\R5T.F0000\source\R5T.F0000\R5T.F0000.csproj", "{F4E52B7E-65CD-400E-8A17-B2122E513D53}"
EndProject
Project("{9A19103F-16F7-4668-BE54-9A1E7A4F7556}") = "R5T.T0143", "..\..\R5T.T0143\source\R5T.T0143\R5T.T0143.csproj", "{011E167B-3461-4BC3-B215-C33F61967663}"
EndProject
Project("{9A19103F-16F7-4668-BE54-9A1E7A4F7556}") = "R5T.T0142", "..\..\R5T.T0142\source\R5T.T0142\R5T.T0142.csproj", "{AB1A7B14-0EC8-47F8-A9C9-FD9CCF1E2DCC}"
EndProject
Project("{9A19103F-16F7-4668-BE54-9A1E7A4F7556}") = "R5T.Z0000", "..\..\R5T.Z0000\source\R5T.Z0000\R5T.Z0000.csproj", "{BD343114-9A4C-4575-9BD8-3F59667F21D6}"
EndProject
Project("{9A19103F-16F7-4668-BE54-9A1E7A4F7556}") = "R5T.T0131", "..\..\R5T.T0131\source\R5T.T0131\R5T.T0131.csproj", "{AB1508A5-C7D8-4DC2-83BA-3934464EAFA8}"
EndProject
Project("{9A19103F-16F7-4668-BE54-9A1E7A4F7556}") = "R5T.Y0000", "..\..\R5T.Y0000\source\R5T.Y0000\R5T.Y0000.csproj", "{3CEDA174-8D19-42E1-BEC3-B39DF34AD147}"
EndProject
Project("{9A19103F-16F7-4668-BE54-9A1E7A4F7556}") = "R5T.F0019", "..\..\R5T.F0019\source\R5T.F0019\R5T.F0019.csproj", "{576793E3-8520-4F77-88EC-666770F8515F}"
EndProject
Project("{9A19103F-16F7-4668-BE54-9A1E7A4F7556}") = "R5T.L0001.Y000", "..\..\R5T.L0001\source\R5T.L0001.Y000\R5T.L0001.Y000.csproj", "{9383A125-9F69-4B67-8D0B-B2A6A821D147}"
EndProject
Project("{9A19103F-16F7-4668-BE54-9A1E7A4F7556}") = "R5T.L0001.Z000", "..\..\R5T.L0001\source\R5T.L0001.Z000\R5T.L0001.Z000.csproj", "{67C5F6D0-9CB2-4223-8A22-816E15B16F00}"
EndProject
Project("{9A19103F-16F7-4668-BE54-9A1E7A4F7556}") = "R5T.L0001", "..\..\R5T.L0001\source\R5T.L0001\R5T.L0001.csproj", "{40D937E1-CD04-43A7-A1CD-00710443FF70}"
EndProject
Project("{9A19103F-16F7-4668-BE54-9A1E7A4F7556}") = "R5T.T0046", "..\..\R5T.T0046\source\R5T.T0046\R5T.T0046.csproj", "{4C6798F8-3C0C-4528-885A-9A8024CDB651}"
EndProject
Project("{9A19103F-16F7-4668-BE54-9A1E7A4F7556}") = "R5T.Magyar", "..\..\R5T.Magyar\source\R5T.Magyar\R5T.Magyar.csproj", "{7A80DDDE-9BDD-4B97-B53B-02E282F53414}"
EndProject
Project("{9A19103F-16F7-4668-BE54-9A1E7A4F7556}") = "R5T.T0144", "..\..\R5T.T0144\source\R5T.T0144\R5T.T0144.csproj", "{41E9D51F-8021-40BF-BA1B-DA3878636F2B}"
EndProject
Project("{9A19103F-16F7-4668-BE54-9A1E7A4F7556}") = "R5T.Y0004", "..\..\R5T.Y0004\source\R5T.Y0004\R5T.Y0004.csproj", "{90C0DC41-3BD1-41DC-ACF8-A548DDEE8E11}"
EndProject
Project("{9A19103F-16F7-4668-BE54-9A1E7A4F7556}") = "R5T.Z0005", "..\..\R5T.Z0005\source\R5T.Z0005\R5T.Z0005.csproj", "{B9624DD5-D80C-4C38-A925-3918565B1481}"
EndProject
Project("{9A19103F-16F7-4668-BE54-9A1E7A4F7556}") = "R5T.F0032", "..\..\R5T.F0032\source\R5T.F0032\R5T.F0032.csproj", "{BDF85C69-44C2-4356-88F1-68F1D29C5E78}"
EndProject
Project("{9A19103F-16F7-4668-BE54-9A1E7A4F7556}") = "R5T.L0019", "..\..\R5T.L0019\source\R5T.L0019\R5T.L0019.csproj", "{9F7F959B-DB1D-4383-9DB7-528E5127E286}"
EndProject
Project("{9A19103F-16F7-4668-BE54-9A1E7A4F7556}") = "R5T.NG0003", "..\..\R5T.NG0003\source\R5T.NG0003\R5T.NG0003.csproj", "{0ED2F3FC-1442-4D6E-B1D6-6461BE16D3A1}"
EndProject
Project("{9A19103F-16F7-4668-BE54-9A1E7A4F7556}") = "R5T.NG0005", "..\..\R5T.NG0005\source\R5T.NG0005\R5T.NG0005.csproj", "{0CA10412-0ED6-4150-9A69-7CCF1042318A}"
EndProject
Project("{9A19103F-16F7-4668-BE54-9A1E7A4F7556}") = "R5T.S0043.Library", "..\..\R5T.S0043\source\R5T.S0043.Library\R5T.S0043.Library.csproj", "{ED70CC62-4CAA-4D0E-9BF1-34DD9AF8B5A2}"
EndProject
Global
	GlobalSection(SolutionConfigurationPlatforms) = preSolution
		Debug|Any CPU = Debug|Any CPU
		Release|Any CPU = Release|Any CPU
	EndGlobalSection
	GlobalSection(ProjectConfigurationPlatforms) = postSolution
		{6577EE50-45A0-4CA2-8ACB-1825BA26E89C}.Debug|Any CPU.ActiveCfg = Debug|Any CPU
		{6577EE50-45A0-4CA2-8ACB-1825BA26E89C}.Debug|Any CPU.Build.0 = Debug|Any CPU
		{6577EE50-45A0-4CA2-8ACB-1825BA26E89C}.Release|Any CPU.ActiveCfg = Release|Any CPU
		{6577EE50-45A0-4CA2-8ACB-1825BA26E89C}.Release|Any CPU.Build.0 = Release|Any CPU
		{C5A9E4E4-F6DC-4EF0-A8DF-EBF66831886E}.Debug|Any CPU.ActiveCfg = Debug|Any CPU
		{C5A9E4E4-F6DC-4EF0-A8DF-EBF66831886E}.Debug|Any CPU.Build.0 = Debug|Any CPU
		{C5A9E4E4-F6DC-4EF0-A8DF-EBF66831886E}.Release|Any CPU.ActiveCfg = Release|Any CPU
		{C5A9E4E4-F6DC-4EF0-A8DF-EBF66831886E}.Release|Any CPU.Build.0 = Release|Any CPU
		{82382111-CF02-45DD-B1DF-1793F2209A6C}.Debug|Any CPU.ActiveCfg = Debug|Any CPU
		{82382111-CF02-45DD-B1DF-1793F2209A6C}.Debug|Any CPU.Build.0 = Debug|Any CPU
		{82382111-CF02-45DD-B1DF-1793F2209A6C}.Release|Any CPU.ActiveCfg = Release|Any CPU
		{82382111-CF02-45DD-B1DF-1793F2209A6C}.Release|Any CPU.Build.0 = Release|Any CPU
		{53A5DE5A-81D6-460A-9F79-FDA005F1ED8D}.Debug|Any CPU.ActiveCfg = Debug|Any CPU
		{53A5DE5A-81D6-460A-9F79-FDA005F1ED8D}.Debug|Any CPU.Build.0 = Debug|Any CPU
		{53A5DE5A-81D6-460A-9F79-FDA005F1ED8D}.Release|Any CPU.ActiveCfg = Release|Any CPU
		{53A5DE5A-81D6-460A-9F79-FDA005F1ED8D}.Release|Any CPU.Build.0 = Release|Any CPU
		{F4E52B7E-65CD-400E-8A17-B2122E513D53}.Debug|Any CPU.ActiveCfg = Debug|Any CPU
		{F4E52B7E-65CD-400E-8A17-B2122E513D53}.Debug|Any CPU.Build.0 = Debug|Any CPU
		{F4E52B7E-65CD-400E-8A17-B2122E513D53}.Release|Any CPU.ActiveCfg = Release|Any CPU
		{F4E52B7E-65CD-400E-8A17-B2122E513D53}.Release|Any CPU.Build.0 = Release|Any CPU
		{011E167B-3461-4BC3-B215-C33F61967663}.Debug|Any CPU.ActiveCfg = Debug|Any CPU
		{011E167B-3461-4BC3-B215-C33F61967663}.Debug|Any CPU.Build.0 = Debug|Any CPU
		{011E167B-3461-4BC3-B215-C33F61967663}.Release|Any CPU.ActiveCfg = Release|Any CPU
		{011E167B-3461-4BC3-B215-C33F61967663}.Release|Any CPU.Build.0 = Release|Any CPU
		{AB1A7B14-0EC8-47F8-A9C9-FD9CCF1E2DCC}.Debug|Any CPU.ActiveCfg = Debug|Any CPU
		{AB1A7B14-0EC8-47F8-A9C9-FD9CCF1E2DCC}.Debug|Any CPU.Build.0 = Debug|Any CPU
		{AB1A7B14-0EC8-47F8-A9C9-FD9CCF1E2DCC}.Release|Any CPU.ActiveCfg = Release|Any CPU
		{AB1A7B14-0EC8-47F8-A9C9-FD9CCF1E2DCC}.Release|Any CPU.Build.0 = Release|Any CPU
		{BD343114-9A4C-4575-9BD8-3F59667F21D6}.Debug|Any CPU.ActiveCfg = Debug|Any CPU
		{BD343114-9A4C-4575-9BD8-3F59667F21D6}.Debug|Any CPU.Build.0 = Debug|Any CPU
		{BD343114-9A4C-4575-9BD8-3F59667F21D6}.Release|Any CPU.ActiveCfg = Release|Any CPU
		{BD343114-9A4C-4575-9BD8-3F59667F21D6}.Release|Any CPU.Build.0 = Release|Any CPU
		{AB1508A5-C7D8-4DC2-83BA-3934464EAFA8}.Debug|Any CPU.ActiveCfg = Debug|Any CPU
		{AB1508A5-C7D8-4DC2-83BA-3934464EAFA8}.Debug|Any CPU.Build.0 = Debug|Any CPU
		{AB1508A5-C7D8-4DC2-83BA-3934464EAFA8}.Release|Any CPU.ActiveCfg = Release|Any CPU
		{AB1508A5-C7D8-4DC2-83BA-3934464EAFA8}.Release|Any CPU.Build.0 = Release|Any CPU
		{3CEDA174-8D19-42E1-BEC3-B39DF34AD147}.Debug|Any CPU.ActiveCfg = Debug|Any CPU
		{3CEDA174-8D19-42E1-BEC3-B39DF34AD147}.Debug|Any CPU.Build.0 = Debug|Any CPU
		{3CEDA174-8D19-42E1-BEC3-B39DF34AD147}.Release|Any CPU.ActiveCfg = Release|Any CPU
		{3CEDA174-8D19-42E1-BEC3-B39DF34AD147}.Release|Any CPU.Build.0 = Release|Any CPU
		{576793E3-8520-4F77-88EC-666770F8515F}.Debug|Any CPU.ActiveCfg = Debug|Any CPU
		{576793E3-8520-4F77-88EC-666770F8515F}.Debug|Any CPU.Build.0 = Debug|Any CPU
		{576793E3-8520-4F77-88EC-666770F8515F}.Release|Any CPU.ActiveCfg = Release|Any CPU
		{576793E3-8520-4F77-88EC-666770F8515F}.Release|Any CPU.Build.0 = Release|Any CPU
		{9383A125-9F69-4B67-8D0B-B2A6A821D147}.Debug|Any CPU.ActiveCfg = Debug|Any CPU
		{9383A125-9F69-4B67-8D0B-B2A6A821D147}.Debug|Any CPU.Build.0 = Debug|Any CPU
		{9383A125-9F69-4B67-8D0B-B2A6A821D147}.Release|Any CPU.ActiveCfg = Release|Any CPU
		{9383A125-9F69-4B67-8D0B-B2A6A821D147}.Release|Any CPU.Build.0 = Release|Any CPU
		{67C5F6D0-9CB2-4223-8A22-816E15B16F00}.Debug|Any CPU.ActiveCfg = Debug|Any CPU
		{67C5F6D0-9CB2-4223-8A22-816E15B16F00}.Debug|Any CPU.Build.0 = Debug|Any CPU
		{67C5F6D0-9CB2-4223-8A22-816E15B16F00}.Release|Any CPU.ActiveCfg = Release|Any CPU
		{67C5F6D0-9CB2-4223-8A22-816E15B16F00}.Release|Any CPU.Build.0 = Release|Any CPU
		{40D937E1-CD04-43A7-A1CD-00710443FF70}.Debug|Any CPU.ActiveCfg = Debug|Any CPU
		{40D937E1-CD04-43A7-A1CD-00710443FF70}.Debug|Any CPU.Build.0 = Debug|Any CPU
		{40D937E1-CD04-43A7-A1CD-00710443FF70}.Release|Any CPU.ActiveCfg = Release|Any CPU
		{40D937E1-CD04-43A7-A1CD-00710443FF70}.Release|Any CPU.Build.0 = Release|Any CPU
		{4C6798F8-3C0C-4528-885A-9A8024CDB651}.Debug|Any CPU.ActiveCfg = Debug|Any CPU
		{4C6798F8-3C0C-4528-885A-9A8024CDB651}.Debug|Any CPU.Build.0 = Debug|Any CPU
		{4C6798F8-3C0C-4528-885A-9A8024CDB651}.Release|Any CPU.ActiveCfg = Release|Any CPU
		{4C6798F8-3C0C-4528-885A-9A8024CDB651}.Release|Any CPU.Build.0 = Release|Any CPU
		{7A80DDDE-9BDD-4B97-B53B-02E282F53414}.Debug|Any CPU.ActiveCfg = Debug|Any CPU
		{7A80DDDE-9BDD-4B97-B53B-02E282F53414}.Debug|Any CPU.Build.0 = Debug|Any CPU
		{7A80DDDE-9BDD-4B97-B53B-02E282F53414}.Release|Any CPU.ActiveCfg = Release|Any CPU
		{7A80DDDE-9BDD-4B97-B53B-02E282F53414}.Release|Any CPU.Build.0 = Release|Any CPU
		{41E9D51F-8021-40BF-BA1B-DA3878636F2B}.Debug|Any CPU.ActiveCfg = Debug|Any CPU
		{41E9D51F-8021-40BF-BA1B-DA3878636F2B}.Debug|Any CPU.Build.0 = Debug|Any CPU
		{41E9D51F-8021-40BF-BA1B-DA3878636F2B}.Release|Any CPU.ActiveCfg = Release|Any CPU
		{41E9D51F-8021-40BF-BA1B-DA3878636F2B}.Release|Any CPU.Build.0 = Release|Any CPU
		{90C0DC41-3BD1-41DC-ACF8-A548DDEE8E11}.Debug|Any CPU.ActiveCfg = Debug|Any CPU
		{90C0DC41-3BD1-41DC-ACF8-A548DDEE8E11}.Debug|Any CPU.Build.0 = Debug|Any CPU
		{90C0DC41-3BD1-41DC-ACF8-A548DDEE8E11}.Release|Any CPU.ActiveCfg = Release|Any CPU
		{90C0DC41-3BD1-41DC-ACF8-A548DDEE8E11}.Release|Any CPU.Build.0 = Release|Any CPU
		{B9624DD5-D80C-4C38-A925-3918565B1481}.Debug|Any CPU.ActiveCfg = Debug|Any CPU
		{B9624DD5-D80C-4C38-A925-3918565B1481}.Debug|Any CPU.Build.0 = Debug|Any CPU
		{B9624DD5-D80C-4C38-A925-3918565B1481}.Release|Any CPU.ActiveCfg = Release|Any CPU
		{B9624DD5-D80C-4C38-A925-3918565B1481}.Release|Any CPU.Build.0 = Release|Any CPU
		{BDF85C69-44C2-4356-88F1-68F1D29C5E78}.Debug|Any CPU.ActiveCfg = Debug|Any CPU
		{BDF85C69-44C2-4356-88F1-68F1D29C5E78}.Debug|Any CPU.Build.0 = Debug|Any CPU
		{BDF85C69-44C2-4356-88F1-68F1D29C5E78}.Release|Any CPU.ActiveCfg = Release|Any CPU
		{BDF85C69-44C2-4356-88F1-68F1D29C5E78}.Release|Any CPU.Build.0 = Release|Any CPU
		{9F7F959B-DB1D-4383-9DB7-528E5127E286}.Debug|Any CPU.ActiveCfg = Debug|Any CPU
		{9F7F959B-DB1D-4383-9DB7-528E5127E286}.Debug|Any CPU.Build.0 = Debug|Any CPU
		{9F7F959B-DB1D-4383-9DB7-528E5127E286}.Release|Any CPU.ActiveCfg = Release|Any CPU
		{9F7F959B-DB1D-4383-9DB7-528E5127E286}.Release|Any CPU.Build.0 = Release|Any CPU
		{0ED2F3FC-1442-4D6E-B1D6-6461BE16D3A1}.Debug|Any CPU.ActiveCfg = Debug|Any CPU
		{0ED2F3FC-1442-4D6E-B1D6-6461BE16D3A1}.Debug|Any CPU.Build.0 = Debug|Any CPU
		{0ED2F3FC-1442-4D6E-B1D6-6461BE16D3A1}.Release|Any CPU.ActiveCfg = Release|Any CPU
		{0ED2F3FC-1442-4D6E-B1D6-6461BE16D3A1}.Release|Any CPU.Build.0 = Release|Any CPU
		{0CA10412-0ED6-4150-9A69-7CCF1042318A}.Debug|Any CPU.ActiveCfg = Debug|Any CPU
		{0CA10412-0ED6-4150-9A69-7CCF1042318A}.Debug|Any CPU.Build.0 = Debug|Any CPU
		{0CA10412-0ED6-4150-9A69-7CCF1042318A}.Release|Any CPU.ActiveCfg = Release|Any CPU
		{0CA10412-0ED6-4150-9A69-7CCF1042318A}.Release|Any CPU.Build.0 = Release|Any CPU
		{ED70CC62-4CAA-4D0E-9BF1-34DD9AF8B5A2}.Debug|Any CPU.ActiveCfg = Debug|Any CPU
		{ED70CC62-4CAA-4D0E-9BF1-34DD9AF8B5A2}.Debug|Any CPU.Build.0 = Debug|Any CPU
		{ED70CC62-4CAA-4D0E-9BF1-34DD9AF8B5A2}.Release|Any CPU.ActiveCfg = Release|Any CPU
		{ED70CC62-4CAA-4D0E-9BF1-34DD9AF8B5A2}.Release|Any CPU.Build.0 = Release|Any CPU
	EndGlobalSection
	GlobalSection(SolutionProperties) = preSolution
		HideSolutionNode = FALSE
	EndGlobalSection
	GlobalSection(NestedProjects) = preSolution
		{C5A9E4E4-F6DC-4EF0-A8DF-EBF66831886E} = {9A8997C6-AB23-4F7B-8621-86E26CEA997B}
		{82382111-CF02-45DD-B1DF-1793F2209A6C} = {9A8997C6-AB23-4F7B-8621-86E26CEA997B}
		{53A5DE5A-81D6-460A-9F79-FDA005F1ED8D} = {9A8997C6-AB23-4F7B-8621-86E26CEA997B}
		{F4E52B7E-65CD-400E-8A17-B2122E513D53} = {9A8997C6-AB23-4F7B-8621-86E26CEA997B}
		{011E167B-3461-4BC3-B215-C33F61967663} = {9A8997C6-AB23-4F7B-8621-86E26CEA997B}
		{AB1A7B14-0EC8-47F8-A9C9-FD9CCF1E2DCC} = {9A8997C6-AB23-4F7B-8621-86E26CEA997B}
		{BD343114-9A4C-4575-9BD8-3F59667F21D6} = {9A8997C6-AB23-4F7B-8621-86E26CEA997B}
		{AB1508A5-C7D8-4DC2-83BA-3934464EAFA8} = {9A8997C6-AB23-4F7B-8621-86E26CEA997B}
		{3CEDA174-8D19-42E1-BEC3-B39DF34AD147} = {9A8997C6-AB23-4F7B-8621-86E26CEA997B}
		{576793E3-8520-4F77-88EC-666770F8515F} = {9A8997C6-AB23-4F7B-8621-86E26CEA997B}
		{9383A125-9F69-4B67-8D0B-B2A6A821D147} = {9A8997C6-AB23-4F7B-8621-86E26CEA997B}
		{67C5F6D0-9CB2-4223-8A22-816E15B16F00} = {9A8997C6-AB23-4F7B-8621-86E26CEA997B}
		{40D937E1-CD04-43A7-A1CD-00710443FF70} = {9A8997C6-AB23-4F7B-8621-86E26CEA997B}
		{4C6798F8-3C0C-4528-885A-9A8024CDB651} = {9A8997C6-AB23-4F7B-8621-86E26CEA997B}
		{7A80DDDE-9BDD-4B97-B53B-02E282F53414} = {9A8997C6-AB23-4F7B-8621-86E26CEA997B}
		{41E9D51F-8021-40BF-BA1B-DA3878636F2B} = {9A8997C6-AB23-4F7B-8621-86E26CEA997B}
		{90C0DC41-3BD1-41DC-ACF8-A548DDEE8E11} = {9A8997C6-AB23-4F7B-8621-86E26CEA997B}
		{B9624DD5-D80C-4C38-A925-3918565B1481} = {9A8997C6-AB23-4F7B-8621-86E26CEA997B}
		{BDF85C69-44C2-4356-88F1-68F1D29C5E78} = {9A8997C6-AB23-4F7B-8621-86E26CEA997B}
		{9F7F959B-DB1D-4383-9DB7-528E5127E286} = {9A8997C6-AB23-4F7B-8621-86E26CEA997B}
		{0ED2F3FC-1442-4D6E-B1D6-6461BE16D3A1} = {9A8997C6-AB23-4F7B-8621-86E26CEA997B}
		{0CA10412-0ED6-4150-9A69-7CCF1042318A} = {9A8997C6-AB23-4F7B-8621-86E26CEA997B}
		{ED70CC62-4CAA-4D0E-9BF1-34DD9AF8B5A2} = {9A8997C6-AB23-4F7B-8621-86E26CEA997B}
	EndGlobalSection
	GlobalSection(ExtensibilityGlobals) = postSolution
		SolutionGuid = {A54E799D-6EE2-4442-B555-C1AF8891A444}
	EndGlobalSection
EndGlobal
