
Microsoft Visual Studio Solution File, Format Version 12.00
# Visual Studio Version 17
VisualStudioVersion = 17.2.32630.192
MinimumVisualStudioVersion = 10.0.40219.1
Project("{9A19103F-16F7-4668-BE54-9A1E7A4F7556}") = "R5T.F0042", "R5T.F0042\R5T.F0042.csproj", "{6577EE50-45A0-4CA2-8ACB-1825BA26E89C}"
EndProject
Project("{2150E333-8FDC-42A3-9474-1A3956D46DE8}") = "_Dependencies", "_Dependencies", "{9A8997C6-AB23-4F7B-8621-86E26CEA997B}"
EndProject
Project("{9A19103F-16F7-4668-BE54-9A1E7A4F7556}") = "R5T.T0132", "..\..\R5T.T0132\source\R5T.T0132\R5T.T0132.csproj", "{C5A9E4E4-F6DC-4EF0-A8DF-EBF66831886E}"
EndProject
Project("{9A19103F-16F7-4668-BE54-9A1E7A4F7556}") = "R5T.F0041", "..\..\R5T.F0041\source\R5T.F0041\R5T.F0041.csproj", "{82382111-CF02-45DD-B1DF-1793F2209A6C}"
EndProject
Project("{9A19103F-16F7-4668-BE54-9A1E7A4F7556}") = "R5T.F0002", "..\..\R5T.F0002\source\R5T.F0002\R5T.F0002.csproj", "{53A5DE5A-81D6-460A-9F79-FDA005F1ED8D}"
EndProject
Project("{9A19103F-16F7-4668-BE54-9A1E7A4F7556}") = "R5T.F0000", "..\..\R5T.F0000\source\R5T.F0000\R5T.F0000.csproj", "{F4E52B7E-65CD-400E-8A17-B2122E513D53}"
EndProject
Project("{9A19103F-16F7-4668-BE54-9A1E7A4F7556}") = "R5T.T0143", "..\..\R5T.T0143\source\R5T.T0143\R5T.T0143.csproj", "{011E167B-3461-4BC3-B215-C33F61967663}"
EndProject
Project("{9A19103F-16F7-4668-BE54-9A1E7A4F7556}") = "R5T.T0142", "..\..\R5T.T0142\source\R5T.T0142\R5T.T0142.csproj", "{AB1A7B14-0EC8-47F8-A9C9-FD9CCF1E2DCC}"
EndProject
Project("{9A19103F-16F7-4668-BE54-9A1E7A4F7556}") = "R5T.Z0000", "..\..\R5T.Z0000\source\R5T.Z0000\R5T.Z0000.csproj", "{BD343114-9A4C-4575-9BD8-3F59667F21D6}"
EndProject
Project("{9A19103F-16F7-4668-BE54-9A1E7A4F7556}") = "R5T.T0131", "..\..\R5T.T0131\source\R5T.T0131\R5T.T0131.csproj", "{AB1508A5-C7D8-4DC2-83BA-3934464EAFA8}"
EndProject
Project("{9A19103F-16F7-4668-BE54-9A1E7A4F7556}") = "R5T.Y0000", "..\..\R5T.Y0000\source\R5T.Y0000\R5T.Y0000.csproj", "{3CEDA174-8D19-42E1-BEC3-B39DF34AD147}"
EndProject
Project("{9A19103F-16F7-4668-BE54-9A1E7A4F7556}") = "R5T.F0019", "..\..\R5T.F0019\source\R5T.F0019\R5T.F0019.csproj", "{576793E3-8520-4F77-88EC-666770F8515F}"
EndProject
Project("{9A19103F-16F7-4668-BE54-9A1E7A4F7556}") = "R5T.L0001.Y000", "..\..\R5T.L0001\source\R5T.L0001.Y000\R5T.L0001.Y000.csproj", "{9383A125-9F69-4B67-8D0B-B2A6A821D147}"
EndProject
Project("{9A19103F-16F7-4668-BE54-9A1E7A4F7556}") = "R5T.L0001.Z000", "..\..\R5T.L0001\source\R5T.L0001.Z000\R5T.L0001.Z000.csproj", "{67C5F6D0-9CB2-4223-8A22-816E15B16F00}"
EndProject
Project("{9A19103F-16F7-4668-BE54-9A1E7A4F7556}") = "R5T.L0001", "..\..\R5T.L0001\source\R5T.L0001\R5T.L0001.csproj", "{40D937E1-CD04-43A7-A1CD-00710443FF70}"
EndProject
Project("{9A19103F-16F7-4668-BE54-9A1E7A4F7556}") = "R5T.T0046", "..\..\R5T.T0046\source\R5T.T0046\R5T.T0046.csproj", "{4C6798F8-3C0C-4528-885A-9A8024CDB651}"
EndProject
Project("{9A19103F-16F7-4668-BE54-9A1E7A4F7556}") = "R5T.T0144", "..\..\R5T.T0144\source\R5T.T0144\R5T.T0144.csproj", "{41E9D51F-8021-40BF-BA1B-DA3878636F2B}"
EndProject
Project("{9A19103F-16F7-4668-BE54-9A1E7A4F7556}") = "R5T.Y0004", "..\..\R5T.Y0004\source\R5T.Y0004\R5T.Y0004.csproj", "{90C0DC41-3BD1-41DC-ACF8-A548DDEE8E11}"
EndProject
Project("{9A19103F-16F7-4668-BE54-9A1E7A4F7556}") = "R5T.Z0005", "..\..\R5T.Z0005\source\R5T.Z0005\R5T.Z0005.csproj", "{B9624DD5-D80C-4C38-A925-3918565B1481}"
EndProject
Project("{9A19103F-16F7-4668-BE54-9A1E7A4F7556}") = "R5T.F0032", "..\..\R5T.F0032\source\R5T.F0032\R5T.F0032.csproj", "{BDF85C69-44C2-4356-88F1-68F1D29C5E78}"
EndProject
Project("{9A19103F-16F7-4668-BE54-9A1E7A4F7556}") = "R5T.NG0005", "..\..\R5T.NG0005\source\R5T.NG0005\R5T.NG0005.csproj", "{0CA10412-0ED6-4150-9A69-7CCF1042318A}"
EndProject
Project("{9A19103F-16F7-4668-BE54-9A1E7A4F7556}") = "R5T.Z0036", "..\..\R5T.Z0036\source\R5T.Z0036\R5T.Z0036.csproj", "{05754B3A-5BEE-4380-A001-51070EB6FF51}"
EndProject
Project("{9A19103F-16F7-4668-BE54-9A1E7A4F7556}") = "R5T.F0042.F001", "R5T.F0042.F001\R5T.F0042.F001.csproj", "{0A314C09-3EB8-4ACC-9611-E46BF7B0836E}"
EndProject
Project("{9A19103F-16F7-4668-BE54-9A1E7A4F7556}") = "R5T.F0044", "..\..\R5T.F0044\source\R5T.F0044\R5T.F0044.csproj", "{21CD0791-9D0A-4573-B65D-A399B65ED085}"
EndProject
Project("{9A19103F-16F7-4668-BE54-9A1E7A4F7556}") = "R5T.F0046", "..\..\R5T.F0046\source\R5T.F0046\R5T.F0046.csproj", "{47A78BFF-30A5-491D-AB88-1B2C98A48DE1}"
EndProject
Project("{9A19103F-16F7-4668-BE54-9A1E7A4F7556}") = "R5T.F0047", "..\..\R5T.F0047\source\R5T.F0047\R5T.F0047.csproj", "{55ED2196-9E35-473B-BE83-BB95FA9FF920}"
EndProject
Project("{9A19103F-16F7-4668-BE54-9A1E7A4F7556}") = "R5T.F0057", "..\..\R5T.F0057\source\R5T.F0057\R5T.F0057.csproj", "{5316AF92-0317-4989-9097-AE276C45BE84}"
EndProject
Project("{9A19103F-16F7-4668-BE54-9A1E7A4F7556}") = "R5T.F0091", "..\..\R5T.F0091\source\R5T.F0091\R5T.F0091.csproj", "{BC148D84-1A9F-4880-AD92-33B1A018B86A}"
EndProject
Project("{9A19103F-16F7-4668-BE54-9A1E7A4F7556}") = "R5T.NG0006", "..\..\R5T.NG0006\source\R5T.NG0006\R5T.NG0006.csproj", "{1DCA8E3F-114F-4F3C-B79A-D8588B4DBAF4}"
EndProject
Project("{9A19103F-16F7-4668-BE54-9A1E7A4F7556}") = "R5T.NG0008", "..\..\R5T.NG0008\source\R5T.NG0008\R5T.NG0008.csproj", "{4377DF04-1C16-4384-94F5-E55A871C1E98}"
EndProject
Project("{9A19103F-16F7-4668-BE54-9A1E7A4F7556}") = "R5T.T0150", "..\..\R5T.T0150\source\R5T.T0150\R5T.T0150.csproj", "{00AFF659-88FA-4D98-A026-663E6FCE6F16}"
EndProject
Project("{9A19103F-16F7-4668-BE54-9A1E7A4F7556}") = "R5T.T0151", "..\..\R5T.T0151\source\R5T.T0151\R5T.T0151.csproj", "{235637D2-2D18-4DB1-B45B-A5741E5D23E6}"
EndProject
Project("{9A19103F-16F7-4668-BE54-9A1E7A4F7556}") = "R5T.T0156", "..\..\R5T.T0156\source\R5T.T0156\R5T.T0156.csproj", "{B0FEFFB2-B1C7-431E-BC4D-1EEADC838F5D}"
EndProject
Project("{9A19103F-16F7-4668-BE54-9A1E7A4F7556}") = "R5T.T0166", "..\..\R5T.T0166\source\R5T.T0166\R5T.T0166.csproj", "{BCB6DB85-5869-4DEA-A61D-0D8ACED0D1F0}"
EndProject
Project("{9A19103F-16F7-4668-BE54-9A1E7A4F7556}") = "R5T.Z0013", "..\..\R5T.Z0013\source\R5T.Z0013\R5T.Z0013.csproj", "{BA941CDB-AF56-4971-A560-7804CE3411DB}"
EndProject
Project("{9A19103F-16F7-4668-BE54-9A1E7A4F7556}") = "R5T.F0016.F001", "..\..\R5T.F0016\source\R5T.F0016.F001\R5T.F0016.F001.csproj", "{7940C915-8437-46BC-879D-0AA2A8C78A7B}"
EndProject
Project("{9A19103F-16F7-4668-BE54-9A1E7A4F7556}") = "R5T.F0016", "..\..\R5T.F0016\source\R5T.F0016\R5T.F0016.csproj", "{19D2DF14-BBA3-40FE-9D5F-B73311B092CB}"
EndProject
Project("{9A19103F-16F7-4668-BE54-9A1E7A4F7556}") = "R5T.F0020", "..\..\R5T.F0020\source\R5T.F0020\R5T.F0020.csproj", "{3424A64B-B511-4114-B93C-EE421FB8CBD4}"
EndProject
Project("{9A19103F-16F7-4668-BE54-9A1E7A4F7556}") = "R5T.F0040.F000", "..\..\R5T.F0040\source\R5T.F0040.F000\R5T.F0040.F000.csproj", "{5604DCB0-9CFD-41EF-961E-149DF9EBBD8D}"
EndProject
Project("{9A19103F-16F7-4668-BE54-9A1E7A4F7556}") = "R5T.F0120", "..\..\R5T.F0120\source\R5T.F0120\R5T.F0120.csproj", "{0BB7E288-938B-4E87-8E20-FE3B18F4BA71}"
EndProject
Project("{9A19103F-16F7-4668-BE54-9A1E7A4F7556}") = "R5T.F0124", "..\..\R5T.F0124\source\R5T.F0124\R5T.F0124.csproj", "{DD6D4C31-D306-4099-AF47-47E827B63FB2}"
EndProject
Project("{9A19103F-16F7-4668-BE54-9A1E7A4F7556}") = "R5T.L0053", "..\..\R5T.L0053\source\R5T.L0053\R5T.L0053.csproj", "{5D6ABEF7-64D4-4E70-9F18-9ECAACB03AB7}"
EndProject
Project("{9A19103F-16F7-4668-BE54-9A1E7A4F7556}") = "R5T.L0066", "..\..\R5T.L0066\source\R5T.L0066\R5T.L0066.csproj", "{77A5B851-690B-46DA-A748-FCFD55C0EA6F}"
EndProject
Project("{9A19103F-16F7-4668-BE54-9A1E7A4F7556}") = "R5T.L0071", "..\..\R5T.L0071\source\R5T.L0071\R5T.L0071.csproj", "{61CDD3A5-BE3A-4278-AD90-3D376FCCB474}"
EndProject
Project("{9A19103F-16F7-4668-BE54-9A1E7A4F7556}") = "R5T.L0072", "..\..\R5T.L0072\source\R5T.L0072\R5T.L0072.csproj", "{81E69DF7-C887-4ECD-820D-9B8E7DEBAAB1}"
EndProject
Project("{9A19103F-16F7-4668-BE54-9A1E7A4F7556}") = "R5T.L0083.F001", "..\..\R5T.L0083\source\R5T.L0083.F001\R5T.L0083.F001.csproj", "{F46A7AD7-1581-49BA-9DE7-5428AF154ED9}"
EndProject
Project("{9A19103F-16F7-4668-BE54-9A1E7A4F7556}") = "R5T.L0089.F000", "..\..\R5T.L0089\source\R5T.L0089.F000\R5T.L0089.F000.csproj", "{C287CE90-2560-40A7-945C-4C4FE96DDEF8}"
EndProject
Project("{9A19103F-16F7-4668-BE54-9A1E7A4F7556}") = "R5T.L0089.T000", "..\..\R5T.L0089\source\R5T.L0089.T000\R5T.L0089.T000.csproj", "{C83394FA-E1C1-4CEE-BEE8-400F561E433D}"
EndProject
Project("{9A19103F-16F7-4668-BE54-9A1E7A4F7556}") = "R5T.L0089", "..\..\R5T.L0089\source\R5T.L0089\R5T.L0089.csproj", "{C89E677B-9842-414F-8513-87BB5409F2E5}"
EndProject
Project("{9A19103F-16F7-4668-BE54-9A1E7A4F7556}") = "R5T.NG0022", "..\..\R5T.NG0022\source\R5T.NG0022\R5T.NG0022.csproj", "{3372E9ED-25F1-4F4C-A4DD-171032FDB8FB}"
EndProject
Project("{9A19103F-16F7-4668-BE54-9A1E7A4F7556}") = "R5T.NG0023", "..\..\R5T.NG0023\source\R5T.NG0023\R5T.NG0023.csproj", "{50320174-EAE3-4F09-A349-68B5D742F564}"
EndProject
Project("{9A19103F-16F7-4668-BE54-9A1E7A4F7556}") = "R5T.T0152", "..\..\R5T.T0152\source\R5T.T0152\R5T.T0152.csproj", "{EF77FE77-3193-469D-8D11-C19BEB87EA96}"
EndProject
Project("{9A19103F-16F7-4668-BE54-9A1E7A4F7556}") = "R5T.T0174", "..\..\R5T.T0174\source\R5T.T0174\R5T.T0174.csproj", "{E0D4B244-0499-4A9A-9AA9-9903DD0E23BE}"
EndProject
Project("{9A19103F-16F7-4668-BE54-9A1E7A4F7556}") = "R5T.T0176", "..\..\R5T.T0176\source\R5T.T0176\R5T.T0176.csproj", "{ABDFDC79-3558-4889-986C-B2B33D23B98F}"
EndProject
Project("{9A19103F-16F7-4668-BE54-9A1E7A4F7556}") = "R5T.T0177", "..\..\R5T.T0177\source\R5T.T0177\R5T.T0177.csproj", "{99C4AF73-935C-46F0-A5F4-6ECE5E513DE3}"
EndProject
Project("{9A19103F-16F7-4668-BE54-9A1E7A4F7556}") = "R5T.T0178", "..\..\R5T.T0178\source\R5T.T0178\R5T.T0178.csproj", "{21D26ECC-1C7B-494C-B963-C03F19059C6A}"
EndProject
Project("{9A19103F-16F7-4668-BE54-9A1E7A4F7556}") = "R5T.T0179", "..\..\R5T.T0179\source\R5T.T0179\R5T.T0179.csproj", "{2010BCA6-230F-454A-B751-9EAE646C3CCE}"
EndProject
Project("{9A19103F-16F7-4668-BE54-9A1E7A4F7556}") = "R5T.T0180", "..\..\R5T.T0180\source\R5T.T0180\R5T.T0180.csproj", "{4E282D94-4238-4810-8222-19D1D5D0345A}"
EndProject
Project("{9A19103F-16F7-4668-BE54-9A1E7A4F7556}") = "R5T.T0181", "..\..\R5T.T0181\source\R5T.T0181\R5T.T0181.csproj", "{DC0D554C-430C-4AAB-B571-A17A5ADD19C4}"
EndProject
Project("{9A19103F-16F7-4668-BE54-9A1E7A4F7556}") = "R5T.T0185", "..\..\R5T.T0185\source\R5T.T0185\R5T.T0185.csproj", "{51A5F305-6A58-4852-A47B-9333E9E9237B}"
EndProject
Project("{9A19103F-16F7-4668-BE54-9A1E7A4F7556}") = "R5T.T0188", "..\..\R5T.T0188\source\R5T.T0188\R5T.T0188.csproj", "{2A401480-B218-4C45-9ED0-4504365FEC00}"
EndProject
Project("{9A19103F-16F7-4668-BE54-9A1E7A4F7556}") = "R5T.T0199.T000", "..\..\R5T.T0199\source\R5T.T0199.T000\R5T.T0199.T000.csproj", "{151D95E3-E09F-453C-A605-4EE1838EB8DD}"
EndProject
Project("{9A19103F-16F7-4668-BE54-9A1E7A4F7556}") = "R5T.T0199.T001", "..\..\R5T.T0199\source\R5T.T0199.T001\R5T.T0199.T001.csproj", "{BA280709-E7F7-44BA-8838-D58304C20551}"
EndProject
Project("{9A19103F-16F7-4668-BE54-9A1E7A4F7556}") = "R5T.T0199", "..\..\R5T.T0199\source\R5T.T0199\R5T.T0199.csproj", "{A55A1FC6-FE85-43C9-BB53-B347CCB87A94}"
EndProject
Project("{9A19103F-16F7-4668-BE54-9A1E7A4F7556}") = "R5T.T0209", "..\..\R5T.T0209\source\R5T.T0209\R5T.T0209.csproj", "{BBF7B031-4C7E-497D-8045-67086EDA98F0}"
EndProject
Project("{9A19103F-16F7-4668-BE54-9A1E7A4F7556}") = "R5T.T0220", "..\..\R5T.T0220\source\R5T.T0220\R5T.T0220.csproj", "{D33C2823-E6D3-44F6-8370-248E57FBB521}"
EndProject
Project("{9A19103F-16F7-4668-BE54-9A1E7A4F7556}") = "R5T.T0221", "..\..\R5T.T0221\source\R5T.T0221\R5T.T0221.csproj", "{EDC5A8AB-6445-4761-B624-38A8EAA7F69E}"
EndProject
Project("{9A19103F-16F7-4668-BE54-9A1E7A4F7556}") = "R5T.T0240", "..\..\R5T.T0240\source\R5T.T0240\R5T.T0240.csproj", "{392D95C5-F6BD-4149-B788-E8B74670556D}"
EndProject
Project("{9A19103F-16F7-4668-BE54-9A1E7A4F7556}") = "R5T.T0241", "..\..\R5T.T0241\source\R5T.T0241\R5T.T0241.csproj", "{577B1AA9-42CF-48C1-8226-712889287E1F}"
EndProject
Project("{9A19103F-16F7-4668-BE54-9A1E7A4F7556}") = "R5T.T0252", "..\..\R5T.T0252\source\R5T.T0252\R5T.T0252.csproj", "{436FB509-910C-4304-ABD0-D375FC03A4FB}"
EndProject
Project("{9A19103F-16F7-4668-BE54-9A1E7A4F7556}") = "R5T.Y0006", "..\..\R5T.Y0006\source\R5T.Y0006\R5T.Y0006.csproj", "{A1ED36AD-4631-4D7D-8141-6A426647346A}"
EndProject
Project("{9A19103F-16F7-4668-BE54-9A1E7A4F7556}") = "R5T.Z0036.Z000", "..\..\R5T.Z0036\source\R5T.Z0036.Z000\R5T.Z0036.Z000.csproj", "{61F03C96-FC96-4A85-A236-408BD89EB652}"
EndProject
Project("{9A19103F-16F7-4668-BE54-9A1E7A4F7556}") = "R5T.Z0071.Z000", "..\..\R5T.Z0071\source\R5T.Z0071.Z000\R5T.Z0071.Z000.csproj", "{6EA9D8FB-FF29-484F-9672-C2497597FD7A}"
EndProject
Project("{9A19103F-16F7-4668-BE54-9A1E7A4F7556}") = "R5T.Z0071.Z002", "..\..\R5T.Z0071\source\R5T.Z0071.Z002\R5T.Z0071.Z002.csproj", "{B465D7BB-0526-4E97-83F1-1176878CB0BD}"
EndProject
Project("{9A19103F-16F7-4668-BE54-9A1E7A4F7556}") = "R5T.Z0072.Z000", "..\..\R5T.Z0072\source\R5T.Z0072.Z000\R5T.Z0072.Z000.csproj", "{AE65A943-88E6-4FF1-BFB8-4A5E3D5F2EFB}"
EndProject
Project("{9A19103F-16F7-4668-BE54-9A1E7A4F7556}") = "R5T.Z0072.Z002", "..\..\R5T.Z0072\source\R5T.Z0072.Z002\R5T.Z0072.Z002.csproj", "{34BFE39B-4605-49BF-866B-1D4DDDD2E7EC}"
EndProject
Global
	GlobalSection(NestedProjects) = preSolution
		{C5A9E4E4-F6DC-4EF0-A8DF-EBF66831886E} = {9A8997C6-AB23-4F7B-8621-86E26CEA997B}
		{82382111-CF02-45DD-B1DF-1793F2209A6C} = {9A8997C6-AB23-4F7B-8621-86E26CEA997B}
		{53A5DE5A-81D6-460A-9F79-FDA005F1ED8D} = {9A8997C6-AB23-4F7B-8621-86E26CEA997B}
		{F4E52B7E-65CD-400E-8A17-B2122E513D53} = {9A8997C6-AB23-4F7B-8621-86E26CEA997B}
		{011E167B-3461-4BC3-B215-C33F61967663} = {9A8997C6-AB23-4F7B-8621-86E26CEA997B}
		{AB1A7B14-0EC8-47F8-A9C9-FD9CCF1E2DCC} = {9A8997C6-AB23-4F7B-8621-86E26CEA997B}
		{BD343114-9A4C-4575-9BD8-3F59667F21D6} = {9A8997C6-AB23-4F7B-8621-86E26CEA997B}
		{AB1508A5-C7D8-4DC2-83BA-3934464EAFA8} = {9A8997C6-AB23-4F7B-8621-86E26CEA997B}
		{3CEDA174-8D19-42E1-BEC3-B39DF34AD147} = {9A8997C6-AB23-4F7B-8621-86E26CEA997B}
		{576793E3-8520-4F77-88EC-666770F8515F} = {9A8997C6-AB23-4F7B-8621-86E26CEA997B}
		{9383A125-9F69-4B67-8D0B-B2A6A821D147} = {9A8997C6-AB23-4F7B-8621-86E26CEA997B}
		{67C5F6D0-9CB2-4223-8A22-816E15B16F00} = {9A8997C6-AB23-4F7B-8621-86E26CEA997B}
		{40D937E1-CD04-43A7-A1CD-00710443FF70} = {9A8997C6-AB23-4F7B-8621-86E26CEA997B}
		{4C6798F8-3C0C-4528-885A-9A8024CDB651} = {9A8997C6-AB23-4F7B-8621-86E26CEA997B}
		{41E9D51F-8021-40BF-BA1B-DA3878636F2B} = {9A8997C6-AB23-4F7B-8621-86E26CEA997B}
		{90C0DC41-3BD1-41DC-ACF8-A548DDEE8E11} = {9A8997C6-AB23-4F7B-8621-86E26CEA997B}
		{B9624DD5-D80C-4C38-A925-3918565B1481} = {9A8997C6-AB23-4F7B-8621-86E26CEA997B}
		{BDF85C69-44C2-4356-88F1-68F1D29C5E78} = {9A8997C6-AB23-4F7B-8621-86E26CEA997B}
		{0CA10412-0ED6-4150-9A69-7CCF1042318A} = {9A8997C6-AB23-4F7B-8621-86E26CEA997B}
		{05754B3A-5BEE-4380-A001-51070EB6FF51} = {9A8997C6-AB23-4F7B-8621-86E26CEA997B}
		{21CD0791-9D0A-4573-B65D-A399B65ED085} = {9A8997C6-AB23-4F7B-8621-86E26CEA997B}
		{47A78BFF-30A5-491D-AB88-1B2C98A48DE1} = {9A8997C6-AB23-4F7B-8621-86E26CEA997B}
		{55ED2196-9E35-473B-BE83-BB95FA9FF920} = {9A8997C6-AB23-4F7B-8621-86E26CEA997B}
		{5316AF92-0317-4989-9097-AE276C45BE84} = {9A8997C6-AB23-4F7B-8621-86E26CEA997B}
		{BC148D84-1A9F-4880-AD92-33B1A018B86A} = {9A8997C6-AB23-4F7B-8621-86E26CEA997B}
		{1DCA8E3F-114F-4F3C-B79A-D8588B4DBAF4} = {9A8997C6-AB23-4F7B-8621-86E26CEA997B}
		{4377DF04-1C16-4384-94F5-E55A871C1E98} = {9A8997C6-AB23-4F7B-8621-86E26CEA997B}
		{00AFF659-88FA-4D98-A026-663E6FCE6F16} = {9A8997C6-AB23-4F7B-8621-86E26CEA997B}
		{235637D2-2D18-4DB1-B45B-A5741E5D23E6} = {9A8997C6-AB23-4F7B-8621-86E26CEA997B}
		{B0FEFFB2-B1C7-431E-BC4D-1EEADC838F5D} = {9A8997C6-AB23-4F7B-8621-86E26CEA997B}
		{BCB6DB85-5869-4DEA-A61D-0D8ACED0D1F0} = {9A8997C6-AB23-4F7B-8621-86E26CEA997B}
		{BA941CDB-AF56-4971-A560-7804CE3411DB} = {9A8997C6-AB23-4F7B-8621-86E26CEA997B}
		{7940C915-8437-46BC-879D-0AA2A8C78A7B} = {9A8997C6-AB23-4F7B-8621-86E26CEA997B}
		{19D2DF14-BBA3-40FE-9D5F-B73311B092CB} = {9A8997C6-AB23-4F7B-8621-86E26CEA997B}
		{3424A64B-B511-4114-B93C-EE421FB8CBD4} = {9A8997C6-AB23-4F7B-8621-86E26CEA997B}
		{5604DCB0-9CFD-41EF-961E-149DF9EBBD8D} = {9A8997C6-AB23-4F7B-8621-86E26CEA997B}
		{0BB7E288-938B-4E87-8E20-FE3B18F4BA71} = {9A8997C6-AB23-4F7B-8621-86E26CEA997B}
		{DD6D4C31-D306-4099-AF47-47E827B63FB2} = {9A8997C6-AB23-4F7B-8621-86E26CEA997B}
		{5D6ABEF7-64D4-4E70-9F18-9ECAACB03AB7} = {9A8997C6-AB23-4F7B-8621-86E26CEA997B}
		{77A5B851-690B-46DA-A748-FCFD55C0EA6F} = {9A8997C6-AB23-4F7B-8621-86E26CEA997B}
		{61CDD3A5-BE3A-4278-AD90-3D376FCCB474} = {9A8997C6-AB23-4F7B-8621-86E26CEA997B}
		{81E69DF7-C887-4ECD-820D-9B8E7DEBAAB1} = {9A8997C6-AB23-4F7B-8621-86E26CEA997B}
		{F46A7AD7-1581-49BA-9DE7-5428AF154ED9} = {9A8997C6-AB23-4F7B-8621-86E26CEA997B}
		{C287CE90-2560-40A7-945C-4C4FE96DDEF8} = {9A8997C6-AB23-4F7B-8621-86E26CEA997B}
		{C83394FA-E1C1-4CEE-BEE8-400F561E433D} = {9A8997C6-AB23-4F7B-8621-86E26CEA997B}
		{C89E677B-9842-414F-8513-87BB5409F2E5} = {9A8997C6-AB23-4F7B-8621-86E26CEA997B}
		{3372E9ED-25F1-4F4C-A4DD-171032FDB8FB} = {9A8997C6-AB23-4F7B-8621-86E26CEA997B}
		{50320174-EAE3-4F09-A349-68B5D742F564} = {9A8997C6-AB23-4F7B-8621-86E26CEA997B}
		{EF77FE77-3193-469D-8D11-C19BEB87EA96} = {9A8997C6-AB23-4F7B-8621-86E26CEA997B}
		{E0D4B244-0499-4A9A-9AA9-9903DD0E23BE} = {9A8997C6-AB23-4F7B-8621-86E26CEA997B}
		{ABDFDC79-3558-4889-986C-B2B33D23B98F} = {9A8997C6-AB23-4F7B-8621-86E26CEA997B}
		{99C4AF73-935C-46F0-A5F4-6ECE5E513DE3} = {9A8997C6-AB23-4F7B-8621-86E26CEA997B}
		{21D26ECC-1C7B-494C-B963-C03F19059C6A} = {9A8997C6-AB23-4F7B-8621-86E26CEA997B}
		{2010BCA6-230F-454A-B751-9EAE646C3CCE} = {9A8997C6-AB23-4F7B-8621-86E26CEA997B}
		{4E282D94-4238-4810-8222-19D1D5D0345A} = {9A8997C6-AB23-4F7B-8621-86E26CEA997B}
		{DC0D554C-430C-4AAB-B571-A17A5ADD19C4} = {9A8997C6-AB23-4F7B-8621-86E26CEA997B}
		{51A5F305-6A58-4852-A47B-9333E9E9237B} = {9A8997C6-AB23-4F7B-8621-86E26CEA997B}
		{2A401480-B218-4C45-9ED0-4504365FEC00} = {9A8997C6-AB23-4F7B-8621-86E26CEA997B}
		{151D95E3-E09F-453C-A605-4EE1838EB8DD} = {9A8997C6-AB23-4F7B-8621-86E26CEA997B}
		{BA280709-E7F7-44BA-8838-D58304C20551} = {9A8997C6-AB23-4F7B-8621-86E26CEA997B}
		{A55A1FC6-FE85-43C9-BB53-B347CCB87A94} = {9A8997C6-AB23-4F7B-8621-86E26CEA997B}
		{BBF7B031-4C7E-497D-8045-67086EDA98F0} = {9A8997C6-AB23-4F7B-8621-86E26CEA997B}
		{D33C2823-E6D3-44F6-8370-248E57FBB521} = {9A8997C6-AB23-4F7B-8621-86E26CEA997B}
		{EDC5A8AB-6445-4761-B624-38A8EAA7F69E} = {9A8997C6-AB23-4F7B-8621-86E26CEA997B}
		{392D95C5-F6BD-4149-B788-E8B74670556D} = {9A8997C6-AB23-4F7B-8621-86E26CEA997B}
		{577B1AA9-42CF-48C1-8226-712889287E1F} = {9A8997C6-AB23-4F7B-8621-86E26CEA997B}
		{436FB509-910C-4304-ABD0-D375FC03A4FB} = {9A8997C6-AB23-4F7B-8621-86E26CEA997B}
		{A1ED36AD-4631-4D7D-8141-6A426647346A} = {9A8997C6-AB23-4F7B-8621-86E26CEA997B}
		{61F03C96-FC96-4A85-A236-408BD89EB652} = {9A8997C6-AB23-4F7B-8621-86E26CEA997B}
		{6EA9D8FB-FF29-484F-9672-C2497597FD7A} = {9A8997C6-AB23-4F7B-8621-86E26CEA997B}
		{B465D7BB-0526-4E97-83F1-1176878CB0BD} = {9A8997C6-AB23-4F7B-8621-86E26CEA997B}
		{AE65A943-88E6-4FF1-BFB8-4A5E3D5F2EFB} = {9A8997C6-AB23-4F7B-8621-86E26CEA997B}
		{34BFE39B-4605-49BF-866B-1D4DDDD2E7EC} = {9A8997C6-AB23-4F7B-8621-86E26CEA997B}
	EndGlobalSection
	GlobalSection(SolutionConfigurationPlatforms) = preSolution
		Debug|Any CPU = Debug|Any CPU
		Release|Any CPU = Release|Any CPU
	EndGlobalSection
	GlobalSection(ProjectConfigurationPlatforms) = postSolution
		{6577EE50-45A0-4CA2-8ACB-1825BA26E89C}.Debug|Any CPU.ActiveCfg = Debug|Any CPU
		{6577EE50-45A0-4CA2-8ACB-1825BA26E89C}.Debug|Any CPU.Build.0 = Debug|Any CPU
		{6577EE50-45A0-4CA2-8ACB-1825BA26E89C}.Release|Any CPU.ActiveCfg = Release|Any CPU
		{6577EE50-45A0-4CA2-8ACB-1825BA26E89C}.Release|Any CPU.Build.0 = Release|Any CPU
		{C5A9E4E4-F6DC-4EF0-A8DF-EBF66831886E}.Debug|Any CPU.ActiveCfg = Debug|Any CPU
		{C5A9E4E4-F6DC-4EF0-A8DF-EBF66831886E}.Debug|Any CPU.Build.0 = Debug|Any CPU
		{C5A9E4E4-F6DC-4EF0-A8DF-EBF66831886E}.Release|Any CPU.ActiveCfg = Release|Any CPU
		{C5A9E4E4-F6DC-4EF0-A8DF-EBF66831886E}.Release|Any CPU.Build.0 = Release|Any CPU
		{82382111-CF02-45DD-B1DF-1793F2209A6C}.Debug|Any CPU.ActiveCfg = Debug|Any CPU
		{82382111-CF02-45DD-B1DF-1793F2209A6C}.Debug|Any CPU.Build.0 = Debug|Any CPU
		{82382111-CF02-45DD-B1DF-1793F2209A6C}.Release|Any CPU.ActiveCfg = Release|Any CPU
		{82382111-CF02-45DD-B1DF-1793F2209A6C}.Release|Any CPU.Build.0 = Release|Any CPU
		{53A5DE5A-81D6-460A-9F79-FDA005F1ED8D}.Debug|Any CPU.ActiveCfg = Debug|Any CPU
		{53A5DE5A-81D6-460A-9F79-FDA005F1ED8D}.Debug|Any CPU.Build.0 = Debug|Any CPU
		{53A5DE5A-81D6-460A-9F79-FDA005F1ED8D}.Release|Any CPU.ActiveCfg = Release|Any CPU
		{53A5DE5A-81D6-460A-9F79-FDA005F1ED8D}.Release|Any CPU.Build.0 = Release|Any CPU
		{F4E52B7E-65CD-400E-8A17-B2122E513D53}.Debug|Any CPU.ActiveCfg = Debug|Any CPU
		{F4E52B7E-65CD-400E-8A17-B2122E513D53}.Debug|Any CPU.Build.0 = Debug|Any CPU
		{F4E52B7E-65CD-400E-8A17-B2122E513D53}.Release|Any CPU.ActiveCfg = Release|Any CPU
		{F4E52B7E-65CD-400E-8A17-B2122E513D53}.Release|Any CPU.Build.0 = Release|Any CPU
		{011E167B-3461-4BC3-B215-C33F61967663}.Debug|Any CPU.ActiveCfg = Debug|Any CPU
		{011E167B-3461-4BC3-B215-C33F61967663}.Debug|Any CPU.Build.0 = Debug|Any CPU
		{011E167B-3461-4BC3-B215-C33F61967663}.Release|Any CPU.ActiveCfg = Release|Any CPU
		{011E167B-3461-4BC3-B215-C33F61967663}.Release|Any CPU.Build.0 = Release|Any CPU
		{AB1A7B14-0EC8-47F8-A9C9-FD9CCF1E2DCC}.Debug|Any CPU.ActiveCfg = Debug|Any CPU
		{AB1A7B14-0EC8-47F8-A9C9-FD9CCF1E2DCC}.Debug|Any CPU.Build.0 = Debug|Any CPU
		{AB1A7B14-0EC8-47F8-A9C9-FD9CCF1E2DCC}.Release|Any CPU.ActiveCfg = Release|Any CPU
		{AB1A7B14-0EC8-47F8-A9C9-FD9CCF1E2DCC}.Release|Any CPU.Build.0 = Release|Any CPU
		{BD343114-9A4C-4575-9BD8-3F59667F21D6}.Debug|Any CPU.ActiveCfg = Debug|Any CPU
		{BD343114-9A4C-4575-9BD8-3F59667F21D6}.Debug|Any CPU.Build.0 = Debug|Any CPU
		{BD343114-9A4C-4575-9BD8-3F59667F21D6}.Release|Any CPU.ActiveCfg = Release|Any CPU
		{BD343114-9A4C-4575-9BD8-3F59667F21D6}.Release|Any CPU.Build.0 = Release|Any CPU
		{AB1508A5-C7D8-4DC2-83BA-3934464EAFA8}.Debug|Any CPU.ActiveCfg = Debug|Any CPU
		{AB1508A5-C7D8-4DC2-83BA-3934464EAFA8}.Debug|Any CPU.Build.0 = Debug|Any CPU
		{AB1508A5-C7D8-4DC2-83BA-3934464EAFA8}.Release|Any CPU.ActiveCfg = Release|Any CPU
		{AB1508A5-C7D8-4DC2-83BA-3934464EAFA8}.Release|Any CPU.Build.0 = Release|Any CPU
		{3CEDA174-8D19-42E1-BEC3-B39DF34AD147}.Debug|Any CPU.ActiveCfg = Debug|Any CPU
		{3CEDA174-8D19-42E1-BEC3-B39DF34AD147}.Debug|Any CPU.Build.0 = Debug|Any CPU
		{3CEDA174-8D19-42E1-BEC3-B39DF34AD147}.Release|Any CPU.ActiveCfg = Release|Any CPU
		{3CEDA174-8D19-42E1-BEC3-B39DF34AD147}.Release|Any CPU.Build.0 = Release|Any CPU
		{576793E3-8520-4F77-88EC-666770F8515F}.Debug|Any CPU.ActiveCfg = Debug|Any CPU
		{576793E3-8520-4F77-88EC-666770F8515F}.Debug|Any CPU.Build.0 = Debug|Any CPU
		{576793E3-8520-4F77-88EC-666770F8515F}.Release|Any CPU.ActiveCfg = Release|Any CPU
		{576793E3-8520-4F77-88EC-666770F8515F}.Release|Any CPU.Build.0 = Release|Any CPU
		{9383A125-9F69-4B67-8D0B-B2A6A821D147}.Debug|Any CPU.ActiveCfg = Debug|Any CPU
		{9383A125-9F69-4B67-8D0B-B2A6A821D147}.Debug|Any CPU.Build.0 = Debug|Any CPU
		{9383A125-9F69-4B67-8D0B-B2A6A821D147}.Release|Any CPU.ActiveCfg = Release|Any CPU
		{9383A125-9F69-4B67-8D0B-B2A6A821D147}.Release|Any CPU.Build.0 = Release|Any CPU
		{67C5F6D0-9CB2-4223-8A22-816E15B16F00}.Debug|Any CPU.ActiveCfg = Debug|Any CPU
		{67C5F6D0-9CB2-4223-8A22-816E15B16F00}.Debug|Any CPU.Build.0 = Debug|Any CPU
		{67C5F6D0-9CB2-4223-8A22-816E15B16F00}.Release|Any CPU.ActiveCfg = Release|Any CPU
		{67C5F6D0-9CB2-4223-8A22-816E15B16F00}.Release|Any CPU.Build.0 = Release|Any CPU
		{40D937E1-CD04-43A7-A1CD-00710443FF70}.Debug|Any CPU.ActiveCfg = Debug|Any CPU
		{40D937E1-CD04-43A7-A1CD-00710443FF70}.Debug|Any CPU.Build.0 = Debug|Any CPU
		{40D937E1-CD04-43A7-A1CD-00710443FF70}.Release|Any CPU.ActiveCfg = Release|Any CPU
		{40D937E1-CD04-43A7-A1CD-00710443FF70}.Release|Any CPU.Build.0 = Release|Any CPU
		{4C6798F8-3C0C-4528-885A-9A8024CDB651}.Debug|Any CPU.ActiveCfg = Debug|Any CPU
		{4C6798F8-3C0C-4528-885A-9A8024CDB651}.Debug|Any CPU.Build.0 = Debug|Any CPU
		{4C6798F8-3C0C-4528-885A-9A8024CDB651}.Release|Any CPU.ActiveCfg = Release|Any CPU
		{4C6798F8-3C0C-4528-885A-9A8024CDB651}.Release|Any CPU.Build.0 = Release|Any CPU
		{41E9D51F-8021-40BF-BA1B-DA3878636F2B}.Debug|Any CPU.ActiveCfg = Debug|Any CPU
		{41E9D51F-8021-40BF-BA1B-DA3878636F2B}.Debug|Any CPU.Build.0 = Debug|Any CPU
		{41E9D51F-8021-40BF-BA1B-DA3878636F2B}.Release|Any CPU.ActiveCfg = Release|Any CPU
		{41E9D51F-8021-40BF-BA1B-DA3878636F2B}.Release|Any CPU.Build.0 = Release|Any CPU
		{90C0DC41-3BD1-41DC-ACF8-A548DDEE8E11}.Debug|Any CPU.ActiveCfg = Debug|Any CPU
		{90C0DC41-3BD1-41DC-ACF8-A548DDEE8E11}.Debug|Any CPU.Build.0 = Debug|Any CPU
		{90C0DC41-3BD1-41DC-ACF8-A548DDEE8E11}.Release|Any CPU.ActiveCfg = Release|Any CPU
		{90C0DC41-3BD1-41DC-ACF8-A548DDEE8E11}.Release|Any CPU.Build.0 = Release|Any CPU
		{B9624DD5-D80C-4C38-A925-3918565B1481}.Debug|Any CPU.ActiveCfg = Debug|Any CPU
		{B9624DD5-D80C-4C38-A925-3918565B1481}.Debug|Any CPU.Build.0 = Debug|Any CPU
		{B9624DD5-D80C-4C38-A925-3918565B1481}.Release|Any CPU.ActiveCfg = Release|Any CPU
		{B9624DD5-D80C-4C38-A925-3918565B1481}.Release|Any CPU.Build.0 = Release|Any CPU
		{BDF85C69-44C2-4356-88F1-68F1D29C5E78}.Debug|Any CPU.ActiveCfg = Debug|Any CPU
		{BDF85C69-44C2-4356-88F1-68F1D29C5E78}.Debug|Any CPU.Build.0 = Debug|Any CPU
		{BDF85C69-44C2-4356-88F1-68F1D29C5E78}.Release|Any CPU.ActiveCfg = Release|Any CPU
		{BDF85C69-44C2-4356-88F1-68F1D29C5E78}.Release|Any CPU.Build.0 = Release|Any CPU
		{0CA10412-0ED6-4150-9A69-7CCF1042318A}.Debug|Any CPU.ActiveCfg = Debug|Any CPU
		{0CA10412-0ED6-4150-9A69-7CCF1042318A}.Debug|Any CPU.Build.0 = Debug|Any CPU
		{0CA10412-0ED6-4150-9A69-7CCF1042318A}.Release|Any CPU.ActiveCfg = Release|Any CPU
		{0CA10412-0ED6-4150-9A69-7CCF1042318A}.Release|Any CPU.Build.0 = Release|Any CPU
		{05754B3A-5BEE-4380-A001-51070EB6FF51}.Debug|Any CPU.ActiveCfg = Debug|Any CPU
		{05754B3A-5BEE-4380-A001-51070EB6FF51}.Debug|Any CPU.Build.0 = Debug|Any CPU
		{05754B3A-5BEE-4380-A001-51070EB6FF51}.Release|Any CPU.ActiveCfg = Release|Any CPU
		{05754B3A-5BEE-4380-A001-51070EB6FF51}.Release|Any CPU.Build.0 = Release|Any CPU
		{0A314C09-3EB8-4ACC-9611-E46BF7B0836E}.Debug|Any CPU.ActiveCfg = Debug|Any CPU
		{0A314C09-3EB8-4ACC-9611-E46BF7B0836E}.Debug|Any CPU.Build.0 = Debug|Any CPU
		{0A314C09-3EB8-4ACC-9611-E46BF7B0836E}.Release|Any CPU.ActiveCfg = Release|Any CPU
		{0A314C09-3EB8-4ACC-9611-E46BF7B0836E}.Release|Any CPU.Build.0 = Release|Any CPU
		{21CD0791-9D0A-4573-B65D-A399B65ED085}.Debug|Any CPU.ActiveCfg = Debug|Any CPU
		{21CD0791-9D0A-4573-B65D-A399B65ED085}.Debug|Any CPU.Build.0 = Debug|Any CPU
		{21CD0791-9D0A-4573-B65D-A399B65ED085}.Release|Any CPU.ActiveCfg = Release|Any CPU
		{21CD0791-9D0A-4573-B65D-A399B65ED085}.Release|Any CPU.Build.0 = Release|Any CPU
		{47A78BFF-30A5-491D-AB88-1B2C98A48DE1}.Debug|Any CPU.ActiveCfg = Debug|Any CPU
		{47A78BFF-30A5-491D-AB88-1B2C98A48DE1}.Debug|Any CPU.Build.0 = Debug|Any CPU
		{47A78BFF-30A5-491D-AB88-1B2C98A48DE1}.Release|Any CPU.ActiveCfg = Release|Any CPU
		{47A78BFF-30A5-491D-AB88-1B2C98A48DE1}.Release|Any CPU.Build.0 = Release|Any CPU
		{55ED2196-9E35-473B-BE83-BB95FA9FF920}.Debug|Any CPU.ActiveCfg = Debug|Any CPU
		{55ED2196-9E35-473B-BE83-BB95FA9FF920}.Debug|Any CPU.Build.0 = Debug|Any CPU
		{55ED2196-9E35-473B-BE83-BB95FA9FF920}.Release|Any CPU.ActiveCfg = Release|Any CPU
		{55ED2196-9E35-473B-BE83-BB95FA9FF920}.Release|Any CPU.Build.0 = Release|Any CPU
		{5316AF92-0317-4989-9097-AE276C45BE84}.Debug|Any CPU.ActiveCfg = Debug|Any CPU
		{5316AF92-0317-4989-9097-AE276C45BE84}.Debug|Any CPU.Build.0 = Debug|Any CPU
		{5316AF92-0317-4989-9097-AE276C45BE84}.Release|Any CPU.ActiveCfg = Release|Any CPU
		{5316AF92-0317-4989-9097-AE276C45BE84}.Release|Any CPU.Build.0 = Release|Any CPU
		{BC148D84-1A9F-4880-AD92-33B1A018B86A}.Debug|Any CPU.ActiveCfg = Debug|Any CPU
		{BC148D84-1A9F-4880-AD92-33B1A018B86A}.Debug|Any CPU.Build.0 = Debug|Any CPU
		{BC148D84-1A9F-4880-AD92-33B1A018B86A}.Release|Any CPU.ActiveCfg = Release|Any CPU
		{BC148D84-1A9F-4880-AD92-33B1A018B86A}.Release|Any CPU.Build.0 = Release|Any CPU
		{1DCA8E3F-114F-4F3C-B79A-D8588B4DBAF4}.Debug|Any CPU.ActiveCfg = Debug|Any CPU
		{1DCA8E3F-114F-4F3C-B79A-D8588B4DBAF4}.Debug|Any CPU.Build.0 = Debug|Any CPU
		{1DCA8E3F-114F-4F3C-B79A-D8588B4DBAF4}.Release|Any CPU.ActiveCfg = Release|Any CPU
		{1DCA8E3F-114F-4F3C-B79A-D8588B4DBAF4}.Release|Any CPU.Build.0 = Release|Any CPU
		{4377DF04-1C16-4384-94F5-E55A871C1E98}.Debug|Any CPU.ActiveCfg = Debug|Any CPU
		{4377DF04-1C16-4384-94F5-E55A871C1E98}.Debug|Any CPU.Build.0 = Debug|Any CPU
		{4377DF04-1C16-4384-94F5-E55A871C1E98}.Release|Any CPU.ActiveCfg = Release|Any CPU
		{4377DF04-1C16-4384-94F5-E55A871C1E98}.Release|Any CPU.Build.0 = Release|Any CPU
		{00AFF659-88FA-4D98-A026-663E6FCE6F16}.Debug|Any CPU.ActiveCfg = Debug|Any CPU
		{00AFF659-88FA-4D98-A026-663E6FCE6F16}.Debug|Any CPU.Build.0 = Debug|Any CPU
		{00AFF659-88FA-4D98-A026-663E6FCE6F16}.Release|Any CPU.ActiveCfg = Release|Any CPU
		{00AFF659-88FA-4D98-A026-663E6FCE6F16}.Release|Any CPU.Build.0 = Release|Any CPU
		{235637D2-2D18-4DB1-B45B-A5741E5D23E6}.Debug|Any CPU.ActiveCfg = Debug|Any CPU
		{235637D2-2D18-4DB1-B45B-A5741E5D23E6}.Debug|Any CPU.Build.0 = Debug|Any CPU
		{235637D2-2D18-4DB1-B45B-A5741E5D23E6}.Release|Any CPU.ActiveCfg = Release|Any CPU
		{235637D2-2D18-4DB1-B45B-A5741E5D23E6}.Release|Any CPU.Build.0 = Release|Any CPU
		{B0FEFFB2-B1C7-431E-BC4D-1EEADC838F5D}.Debug|Any CPU.ActiveCfg = Debug|Any CPU
		{B0FEFFB2-B1C7-431E-BC4D-1EEADC838F5D}.Debug|Any CPU.Build.0 = Debug|Any CPU
		{B0FEFFB2-B1C7-431E-BC4D-1EEADC838F5D}.Release|Any CPU.ActiveCfg = Release|Any CPU
		{B0FEFFB2-B1C7-431E-BC4D-1EEADC838F5D}.Release|Any CPU.Build.0 = Release|Any CPU
		{BCB6DB85-5869-4DEA-A61D-0D8ACED0D1F0}.Debug|Any CPU.ActiveCfg = Debug|Any CPU
		{BCB6DB85-5869-4DEA-A61D-0D8ACED0D1F0}.Debug|Any CPU.Build.0 = Debug|Any CPU
		{BCB6DB85-5869-4DEA-A61D-0D8ACED0D1F0}.Release|Any CPU.ActiveCfg = Release|Any CPU
		{BCB6DB85-5869-4DEA-A61D-0D8ACED0D1F0}.Release|Any CPU.Build.0 = Release|Any CPU
		{BA941CDB-AF56-4971-A560-7804CE3411DB}.Debug|Any CPU.ActiveCfg = Debug|Any CPU
		{BA941CDB-AF56-4971-A560-7804CE3411DB}.Debug|Any CPU.Build.0 = Debug|Any CPU
		{BA941CDB-AF56-4971-A560-7804CE3411DB}.Release|Any CPU.ActiveCfg = Release|Any CPU
		{BA941CDB-AF56-4971-A560-7804CE3411DB}.Release|Any CPU.Build.0 = Release|Any CPU
		{7940C915-8437-46BC-879D-0AA2A8C78A7B}.Debug|Any CPU.ActiveCfg = Debug|Any CPU
		{7940C915-8437-46BC-879D-0AA2A8C78A7B}.Debug|Any CPU.Build.0 = Debug|Any CPU
		{7940C915-8437-46BC-879D-0AA2A8C78A7B}.Release|Any CPU.ActiveCfg = Release|Any CPU
		{7940C915-8437-46BC-879D-0AA2A8C78A7B}.Release|Any CPU.Build.0 = Release|Any CPU
		{19D2DF14-BBA3-40FE-9D5F-B73311B092CB}.Debug|Any CPU.ActiveCfg = Debug|Any CPU
		{19D2DF14-BBA3-40FE-9D5F-B73311B092CB}.Debug|Any CPU.Build.0 = Debug|Any CPU
		{19D2DF14-BBA3-40FE-9D5F-B73311B092CB}.Release|Any CPU.ActiveCfg = Release|Any CPU
		{19D2DF14-BBA3-40FE-9D5F-B73311B092CB}.Release|Any CPU.Build.0 = Release|Any CPU
		{3424A64B-B511-4114-B93C-EE421FB8CBD4}.Debug|Any CPU.ActiveCfg = Debug|Any CPU
		{3424A64B-B511-4114-B93C-EE421FB8CBD4}.Debug|Any CPU.Build.0 = Debug|Any CPU
		{3424A64B-B511-4114-B93C-EE421FB8CBD4}.Release|Any CPU.ActiveCfg = Release|Any CPU
		{3424A64B-B511-4114-B93C-EE421FB8CBD4}.Release|Any CPU.Build.0 = Release|Any CPU
		{5604DCB0-9CFD-41EF-961E-149DF9EBBD8D}.Debug|Any CPU.ActiveCfg = Debug|Any CPU
		{5604DCB0-9CFD-41EF-961E-149DF9EBBD8D}.Debug|Any CPU.Build.0 = Debug|Any CPU
		{5604DCB0-9CFD-41EF-961E-149DF9EBBD8D}.Release|Any CPU.ActiveCfg = Release|Any CPU
		{5604DCB0-9CFD-41EF-961E-149DF9EBBD8D}.Release|Any CPU.Build.0 = Release|Any CPU
		{0BB7E288-938B-4E87-8E20-FE3B18F4BA71}.Debug|Any CPU.ActiveCfg = Debug|Any CPU
		{0BB7E288-938B-4E87-8E20-FE3B18F4BA71}.Debug|Any CPU.Build.0 = Debug|Any CPU
		{0BB7E288-938B-4E87-8E20-FE3B18F4BA71}.Release|Any CPU.ActiveCfg = Release|Any CPU
		{0BB7E288-938B-4E87-8E20-FE3B18F4BA71}.Release|Any CPU.Build.0 = Release|Any CPU
		{DD6D4C31-D306-4099-AF47-47E827B63FB2}.Debug|Any CPU.ActiveCfg = Debug|Any CPU
		{DD6D4C31-D306-4099-AF47-47E827B63FB2}.Debug|Any CPU.Build.0 = Debug|Any CPU
		{DD6D4C31-D306-4099-AF47-47E827B63FB2}.Release|Any CPU.ActiveCfg = Release|Any CPU
		{DD6D4C31-D306-4099-AF47-47E827B63FB2}.Release|Any CPU.Build.0 = Release|Any CPU
		{5D6ABEF7-64D4-4E70-9F18-9ECAACB03AB7}.Debug|Any CPU.ActiveCfg = Debug|Any CPU
		{5D6ABEF7-64D4-4E70-9F18-9ECAACB03AB7}.Debug|Any CPU.Build.0 = Debug|Any CPU
		{5D6ABEF7-64D4-4E70-9F18-9ECAACB03AB7}.Release|Any CPU.ActiveCfg = Release|Any CPU
		{5D6ABEF7-64D4-4E70-9F18-9ECAACB03AB7}.Release|Any CPU.Build.0 = Release|Any CPU
		{77A5B851-690B-46DA-A748-FCFD55C0EA6F}.Debug|Any CPU.ActiveCfg = Debug|Any CPU
		{77A5B851-690B-46DA-A748-FCFD55C0EA6F}.Debug|Any CPU.Build.0 = Debug|Any CPU
		{77A5B851-690B-46DA-A748-FCFD55C0EA6F}.Release|Any CPU.ActiveCfg = Release|Any CPU
		{77A5B851-690B-46DA-A748-FCFD55C0EA6F}.Release|Any CPU.Build.0 = Release|Any CPU
		{61CDD3A5-BE3A-4278-AD90-3D376FCCB474}.Debug|Any CPU.ActiveCfg = Debug|Any CPU
		{61CDD3A5-BE3A-4278-AD90-3D376FCCB474}.Debug|Any CPU.Build.0 = Debug|Any CPU
		{61CDD3A5-BE3A-4278-AD90-3D376FCCB474}.Release|Any CPU.ActiveCfg = Release|Any CPU
		{61CDD3A5-BE3A-4278-AD90-3D376FCCB474}.Release|Any CPU.Build.0 = Release|Any CPU
		{81E69DF7-C887-4ECD-820D-9B8E7DEBAAB1}.Debug|Any CPU.ActiveCfg = Debug|Any CPU
		{81E69DF7-C887-4ECD-820D-9B8E7DEBAAB1}.Debug|Any CPU.Build.0 = Debug|Any CPU
		{81E69DF7-C887-4ECD-820D-9B8E7DEBAAB1}.Release|Any CPU.ActiveCfg = Release|Any CPU
		{81E69DF7-C887-4ECD-820D-9B8E7DEBAAB1}.Release|Any CPU.Build.0 = Release|Any CPU
		{F46A7AD7-1581-49BA-9DE7-5428AF154ED9}.Debug|Any CPU.ActiveCfg = Debug|Any CPU
		{F46A7AD7-1581-49BA-9DE7-5428AF154ED9}.Debug|Any CPU.Build.0 = Debug|Any CPU
		{F46A7AD7-1581-49BA-9DE7-5428AF154ED9}.Release|Any CPU.ActiveCfg = Release|Any CPU
		{F46A7AD7-1581-49BA-9DE7-5428AF154ED9}.Release|Any CPU.Build.0 = Release|Any CPU
		{C287CE90-2560-40A7-945C-4C4FE96DDEF8}.Debug|Any CPU.ActiveCfg = Debug|Any CPU
		{C287CE90-2560-40A7-945C-4C4FE96DDEF8}.Debug|Any CPU.Build.0 = Debug|Any CPU
		{C287CE90-2560-40A7-945C-4C4FE96DDEF8}.Release|Any CPU.ActiveCfg = Release|Any CPU
		{C287CE90-2560-40A7-945C-4C4FE96DDEF8}.Release|Any CPU.Build.0 = Release|Any CPU
		{C83394FA-E1C1-4CEE-BEE8-400F561E433D}.Debug|Any CPU.ActiveCfg = Debug|Any CPU
		{C83394FA-E1C1-4CEE-BEE8-400F561E433D}.Debug|Any CPU.Build.0 = Debug|Any CPU
		{C83394FA-E1C1-4CEE-BEE8-400F561E433D}.Release|Any CPU.ActiveCfg = Release|Any CPU
		{C83394FA-E1C1-4CEE-BEE8-400F561E433D}.Release|Any CPU.Build.0 = Release|Any CPU
		{C89E677B-9842-414F-8513-87BB5409F2E5}.Debug|Any CPU.ActiveCfg = Debug|Any CPU
		{C89E677B-9842-414F-8513-87BB5409F2E5}.Debug|Any CPU.Build.0 = Debug|Any CPU
		{C89E677B-9842-414F-8513-87BB5409F2E5}.Release|Any CPU.ActiveCfg = Release|Any CPU
		{C89E677B-9842-414F-8513-87BB5409F2E5}.Release|Any CPU.Build.0 = Release|Any CPU
		{3372E9ED-25F1-4F4C-A4DD-171032FDB8FB}.Debug|Any CPU.ActiveCfg = Debug|Any CPU
		{3372E9ED-25F1-4F4C-A4DD-171032FDB8FB}.Debug|Any CPU.Build.0 = Debug|Any CPU
		{3372E9ED-25F1-4F4C-A4DD-171032FDB8FB}.Release|Any CPU.ActiveCfg = Release|Any CPU
		{3372E9ED-25F1-4F4C-A4DD-171032FDB8FB}.Release|Any CPU.Build.0 = Release|Any CPU
		{50320174-EAE3-4F09-A349-68B5D742F564}.Debug|Any CPU.ActiveCfg = Debug|Any CPU
		{50320174-EAE3-4F09-A349-68B5D742F564}.Debug|Any CPU.Build.0 = Debug|Any CPU
		{50320174-EAE3-4F09-A349-68B5D742F564}.Release|Any CPU.ActiveCfg = Release|Any CPU
		{50320174-EAE3-4F09-A349-68B5D742F564}.Release|Any CPU.Build.0 = Release|Any CPU
		{EF77FE77-3193-469D-8D11-C19BEB87EA96}.Debug|Any CPU.ActiveCfg = Debug|Any CPU
		{EF77FE77-3193-469D-8D11-C19BEB87EA96}.Debug|Any CPU.Build.0 = Debug|Any CPU
		{EF77FE77-3193-469D-8D11-C19BEB87EA96}.Release|Any CPU.ActiveCfg = Release|Any CPU
		{EF77FE77-3193-469D-8D11-C19BEB87EA96}.Release|Any CPU.Build.0 = Release|Any CPU
		{E0D4B244-0499-4A9A-9AA9-9903DD0E23BE}.Debug|Any CPU.ActiveCfg = Debug|Any CPU
		{E0D4B244-0499-4A9A-9AA9-9903DD0E23BE}.Debug|Any CPU.Build.0 = Debug|Any CPU
		{E0D4B244-0499-4A9A-9AA9-9903DD0E23BE}.Release|Any CPU.ActiveCfg = Release|Any CPU
		{E0D4B244-0499-4A9A-9AA9-9903DD0E23BE}.Release|Any CPU.Build.0 = Release|Any CPU
		{ABDFDC79-3558-4889-986C-B2B33D23B98F}.Debug|Any CPU.ActiveCfg = Debug|Any CPU
		{ABDFDC79-3558-4889-986C-B2B33D23B98F}.Debug|Any CPU.Build.0 = Debug|Any CPU
		{ABDFDC79-3558-4889-986C-B2B33D23B98F}.Release|Any CPU.ActiveCfg = Release|Any CPU
		{ABDFDC79-3558-4889-986C-B2B33D23B98F}.Release|Any CPU.Build.0 = Release|Any CPU
		{99C4AF73-935C-46F0-A5F4-6ECE5E513DE3}.Debug|Any CPU.ActiveCfg = Debug|Any CPU
		{99C4AF73-935C-46F0-A5F4-6ECE5E513DE3}.Debug|Any CPU.Build.0 = Debug|Any CPU
		{99C4AF73-935C-46F0-A5F4-6ECE5E513DE3}.Release|Any CPU.ActiveCfg = Release|Any CPU
		{99C4AF73-935C-46F0-A5F4-6ECE5E513DE3}.Release|Any CPU.Build.0 = Release|Any CPU
		{21D26ECC-1C7B-494C-B963-C03F19059C6A}.Debug|Any CPU.ActiveCfg = Debug|Any CPU
		{21D26ECC-1C7B-494C-B963-C03F19059C6A}.Debug|Any CPU.Build.0 = Debug|Any CPU
		{21D26ECC-1C7B-494C-B963-C03F19059C6A}.Release|Any CPU.ActiveCfg = Release|Any CPU
		{21D26ECC-1C7B-494C-B963-C03F19059C6A}.Release|Any CPU.Build.0 = Release|Any CPU
		{2010BCA6-230F-454A-B751-9EAE646C3CCE}.Debug|Any CPU.ActiveCfg = Debug|Any CPU
		{2010BCA6-230F-454A-B751-9EAE646C3CCE}.Debug|Any CPU.Build.0 = Debug|Any CPU
		{2010BCA6-230F-454A-B751-9EAE646C3CCE}.Release|Any CPU.ActiveCfg = Release|Any CPU
		{2010BCA6-230F-454A-B751-9EAE646C3CCE}.Release|Any CPU.Build.0 = Release|Any CPU
		{4E282D94-4238-4810-8222-19D1D5D0345A}.Debug|Any CPU.ActiveCfg = Debug|Any CPU
		{4E282D94-4238-4810-8222-19D1D5D0345A}.Debug|Any CPU.Build.0 = Debug|Any CPU
		{4E282D94-4238-4810-8222-19D1D5D0345A}.Release|Any CPU.ActiveCfg = Release|Any CPU
		{4E282D94-4238-4810-8222-19D1D5D0345A}.Release|Any CPU.Build.0 = Release|Any CPU
		{DC0D554C-430C-4AAB-B571-A17A5ADD19C4}.Debug|Any CPU.ActiveCfg = Debug|Any CPU
		{DC0D554C-430C-4AAB-B571-A17A5ADD19C4}.Debug|Any CPU.Build.0 = Debug|Any CPU
		{DC0D554C-430C-4AAB-B571-A17A5ADD19C4}.Release|Any CPU.ActiveCfg = Release|Any CPU
		{DC0D554C-430C-4AAB-B571-A17A5ADD19C4}.Release|Any CPU.Build.0 = Release|Any CPU
		{51A5F305-6A58-4852-A47B-9333E9E9237B}.Debug|Any CPU.ActiveCfg = Debug|Any CPU
		{51A5F305-6A58-4852-A47B-9333E9E9237B}.Debug|Any CPU.Build.0 = Debug|Any CPU
		{51A5F305-6A58-4852-A47B-9333E9E9237B}.Release|Any CPU.ActiveCfg = Release|Any CPU
		{51A5F305-6A58-4852-A47B-9333E9E9237B}.Release|Any CPU.Build.0 = Release|Any CPU
		{2A401480-B218-4C45-9ED0-4504365FEC00}.Debug|Any CPU.ActiveCfg = Debug|Any CPU
		{2A401480-B218-4C45-9ED0-4504365FEC00}.Debug|Any CPU.Build.0 = Debug|Any CPU
		{2A401480-B218-4C45-9ED0-4504365FEC00}.Release|Any CPU.ActiveCfg = Release|Any CPU
		{2A401480-B218-4C45-9ED0-4504365FEC00}.Release|Any CPU.Build.0 = Release|Any CPU
		{151D95E3-E09F-453C-A605-4EE1838EB8DD}.Debug|Any CPU.ActiveCfg = Debug|Any CPU
		{151D95E3-E09F-453C-A605-4EE1838EB8DD}.Debug|Any CPU.Build.0 = Debug|Any CPU
		{151D95E3-E09F-453C-A605-4EE1838EB8DD}.Release|Any CPU.ActiveCfg = Release|Any CPU
		{151D95E3-E09F-453C-A605-4EE1838EB8DD}.Release|Any CPU.Build.0 = Release|Any CPU
		{BA280709-E7F7-44BA-8838-D58304C20551}.Debug|Any CPU.ActiveCfg = Debug|Any CPU
		{BA280709-E7F7-44BA-8838-D58304C20551}.Debug|Any CPU.Build.0 = Debug|Any CPU
		{BA280709-E7F7-44BA-8838-D58304C20551}.Release|Any CPU.ActiveCfg = Release|Any CPU
		{BA280709-E7F7-44BA-8838-D58304C20551}.Release|Any CPU.Build.0 = Release|Any CPU
		{A55A1FC6-FE85-43C9-BB53-B347CCB87A94}.Debug|Any CPU.ActiveCfg = Debug|Any CPU
		{A55A1FC6-FE85-43C9-BB53-B347CCB87A94}.Debug|Any CPU.Build.0 = Debug|Any CPU
		{A55A1FC6-FE85-43C9-BB53-B347CCB87A94}.Release|Any CPU.ActiveCfg = Release|Any CPU
		{A55A1FC6-FE85-43C9-BB53-B347CCB87A94}.Release|Any CPU.Build.0 = Release|Any CPU
		{BBF7B031-4C7E-497D-8045-67086EDA98F0}.Debug|Any CPU.ActiveCfg = Debug|Any CPU
		{BBF7B031-4C7E-497D-8045-67086EDA98F0}.Debug|Any CPU.Build.0 = Debug|Any CPU
		{BBF7B031-4C7E-497D-8045-67086EDA98F0}.Release|Any CPU.ActiveCfg = Release|Any CPU
		{BBF7B031-4C7E-497D-8045-67086EDA98F0}.Release|Any CPU.Build.0 = Release|Any CPU
		{D33C2823-E6D3-44F6-8370-248E57FBB521}.Debug|Any CPU.ActiveCfg = Debug|Any CPU
		{D33C2823-E6D3-44F6-8370-248E57FBB521}.Debug|Any CPU.Build.0 = Debug|Any CPU
		{D33C2823-E6D3-44F6-8370-248E57FBB521}.Release|Any CPU.ActiveCfg = Release|Any CPU
		{D33C2823-E6D3-44F6-8370-248E57FBB521}.Release|Any CPU.Build.0 = Release|Any CPU
		{EDC5A8AB-6445-4761-B624-38A8EAA7F69E}.Debug|Any CPU.ActiveCfg = Debug|Any CPU
		{EDC5A8AB-6445-4761-B624-38A8EAA7F69E}.Debug|Any CPU.Build.0 = Debug|Any CPU
		{EDC5A8AB-6445-4761-B624-38A8EAA7F69E}.Release|Any CPU.ActiveCfg = Release|Any CPU
		{EDC5A8AB-6445-4761-B624-38A8EAA7F69E}.Release|Any CPU.Build.0 = Release|Any CPU
		{392D95C5-F6BD-4149-B788-E8B74670556D}.Debug|Any CPU.ActiveCfg = Debug|Any CPU
		{392D95C5-F6BD-4149-B788-E8B74670556D}.Debug|Any CPU.Build.0 = Debug|Any CPU
		{392D95C5-F6BD-4149-B788-E8B74670556D}.Release|Any CPU.ActiveCfg = Release|Any CPU
		{392D95C5-F6BD-4149-B788-E8B74670556D}.Release|Any CPU.Build.0 = Release|Any CPU
		{577B1AA9-42CF-48C1-8226-712889287E1F}.Debug|Any CPU.ActiveCfg = Debug|Any CPU
		{577B1AA9-42CF-48C1-8226-712889287E1F}.Debug|Any CPU.Build.0 = Debug|Any CPU
		{577B1AA9-42CF-48C1-8226-712889287E1F}.Release|Any CPU.ActiveCfg = Release|Any CPU
		{577B1AA9-42CF-48C1-8226-712889287E1F}.Release|Any CPU.Build.0 = Release|Any CPU
		{436FB509-910C-4304-ABD0-D375FC03A4FB}.Debug|Any CPU.ActiveCfg = Debug|Any CPU
		{436FB509-910C-4304-ABD0-D375FC03A4FB}.Debug|Any CPU.Build.0 = Debug|Any CPU
		{436FB509-910C-4304-ABD0-D375FC03A4FB}.Release|Any CPU.ActiveCfg = Release|Any CPU
		{436FB509-910C-4304-ABD0-D375FC03A4FB}.Release|Any CPU.Build.0 = Release|Any CPU
		{A1ED36AD-4631-4D7D-8141-6A426647346A}.Debug|Any CPU.ActiveCfg = Debug|Any CPU
		{A1ED36AD-4631-4D7D-8141-6A426647346A}.Debug|Any CPU.Build.0 = Debug|Any CPU
		{A1ED36AD-4631-4D7D-8141-6A426647346A}.Release|Any CPU.ActiveCfg = Release|Any CPU
		{A1ED36AD-4631-4D7D-8141-6A426647346A}.Release|Any CPU.Build.0 = Release|Any CPU
		{61F03C96-FC96-4A85-A236-408BD89EB652}.Debug|Any CPU.ActiveCfg = Debug|Any CPU
		{61F03C96-FC96-4A85-A236-408BD89EB652}.Debug|Any CPU.Build.0 = Debug|Any CPU
		{61F03C96-FC96-4A85-A236-408BD89EB652}.Release|Any CPU.ActiveCfg = Release|Any CPU
		{61F03C96-FC96-4A85-A236-408BD89EB652}.Release|Any CPU.Build.0 = Release|Any CPU
		{6EA9D8FB-FF29-484F-9672-C2497597FD7A}.Debug|Any CPU.ActiveCfg = Debug|Any CPU
		{6EA9D8FB-FF29-484F-9672-C2497597FD7A}.Debug|Any CPU.Build.0 = Debug|Any CPU
		{6EA9D8FB-FF29-484F-9672-C2497597FD7A}.Release|Any CPU.ActiveCfg = Release|Any CPU
		{6EA9D8FB-FF29-484F-9672-C2497597FD7A}.Release|Any CPU.Build.0 = Release|Any CPU
		{B465D7BB-0526-4E97-83F1-1176878CB0BD}.Debug|Any CPU.ActiveCfg = Debug|Any CPU
		{B465D7BB-0526-4E97-83F1-1176878CB0BD}.Debug|Any CPU.Build.0 = Debug|Any CPU
		{B465D7BB-0526-4E97-83F1-1176878CB0BD}.Release|Any CPU.ActiveCfg = Release|Any CPU
		{B465D7BB-0526-4E97-83F1-1176878CB0BD}.Release|Any CPU.Build.0 = Release|Any CPU
		{AE65A943-88E6-4FF1-BFB8-4A5E3D5F2EFB}.Debug|Any CPU.ActiveCfg = Debug|Any CPU
		{AE65A943-88E6-4FF1-BFB8-4A5E3D5F2EFB}.Debug|Any CPU.Build.0 = Debug|Any CPU
		{AE65A943-88E6-4FF1-BFB8-4A5E3D5F2EFB}.Release|Any CPU.ActiveCfg = Release|Any CPU
		{AE65A943-88E6-4FF1-BFB8-4A5E3D5F2EFB}.Release|Any CPU.Build.0 = Release|Any CPU
		{34BFE39B-4605-49BF-866B-1D4DDDD2E7EC}.Debug|Any CPU.ActiveCfg = Debug|Any CPU
		{34BFE39B-4605-49BF-866B-1D4DDDD2E7EC}.Debug|Any CPU.Build.0 = Debug|Any CPU
		{34BFE39B-4605-49BF-866B-1D4DDDD2E7EC}.Release|Any CPU.ActiveCfg = Release|Any CPU
		{34BFE39B-4605-49BF-866B-1D4DDDD2E7EC}.Release|Any CPU.Build.0 = Release|Any CPU
	EndGlobalSection
	GlobalSection(SolutionProperties) = preSolution
		HideSolutionNode = FALSE
	EndGlobalSection
	GlobalSection(ExtensibilityGlobals) = postSolution
		SolutionGuid = {A54E799D-6EE2-4442-B555-C1AF8891A444}
	EndGlobalSection
EndGlobal
