
Microsoft Visual Studio Solution File, Format Version 12.00
# Visual Studio Version 17
VisualStudioVersion = 17.2.32630.192
MinimumVisualStudioVersion = 10.0.40219.1
Project("{9A19103F-16F7-4668-BE54-9A1E7A4F7556}") = "R5T.F0042.Construction", "R5T.F0042.Construction\R5T.F0042.Construction.csproj", "{2FF47648-D257-4026-AB43-121EC919BF16}"
EndProject
Project("{9A19103F-16F7-4668-BE54-9A1E7A4F7556}") = "R5T.F0042", "R5T.F0042\R5T.F0042.csproj", "{D1200347-EE2A-408F-A869-CE8A57E1A95E}"
EndProject
Project("{2150E333-8FDC-42A3-9474-1A3956D46DE8}") = "_Dependencies", "_Dependencies", "{3A2085A6-3712-446B-8725-DDAC878EA929}"
EndProject
Project("{9A19103F-16F7-4668-BE54-9A1E7A4F7556}") = "R5T.F0000", "..\..\R5T.F0000\source\R5T.F0000\R5T.F0000.csproj", "{098AD4F2-7350-4C76-876E-7644B36A1E3C}"
EndProject
Project("{9A19103F-16F7-4668-BE54-9A1E7A4F7556}") = "R5T.F0002", "..\..\R5T.F0002\source\R5T.F0002\R5T.F0002.csproj", "{A8FD5D4B-1447-4F70-B298-16FD71AE55F2}"
EndProject
Project("{9A19103F-16F7-4668-BE54-9A1E7A4F7556}") = "R5T.F0019", "..\..\R5T.F0019\source\R5T.F0019\R5T.F0019.csproj", "{8D6EDFB9-6DDE-4F33-BFC1-D8FA6A7DCEC4}"
EndProject
Project("{9A19103F-16F7-4668-BE54-9A1E7A4F7556}") = "R5T.F0032", "..\..\R5T.F0032\source\R5T.F0032\R5T.F0032.csproj", "{88CB3C3E-B3DE-4739-83DE-D6AF9478D9A0}"
EndProject
Project("{9A19103F-16F7-4668-BE54-9A1E7A4F7556}") = "R5T.F0041", "..\..\R5T.F0041\source\R5T.F0041\R5T.F0041.csproj", "{307BA290-C50B-48BF-B9C9-46F91E6545D7}"
EndProject
Project("{9A19103F-16F7-4668-BE54-9A1E7A4F7556}") = "R5T.F0046", "..\..\R5T.F0046\source\R5T.F0046\R5T.F0046.csproj", "{BA1B1EF9-D6C1-4252-8C1D-454E924313A2}"
EndProject
Project("{9A19103F-16F7-4668-BE54-9A1E7A4F7556}") = "R5T.F0047", "..\..\R5T.F0047\source\R5T.F0047\R5T.F0047.csproj", "{F345E0BF-3AD9-4B3B-9441-ADA3013C1E12}"
EndProject
Project("{9A19103F-16F7-4668-BE54-9A1E7A4F7556}") = "R5T.F0057", "..\..\R5T.F0057\source\R5T.F0057\R5T.F0057.csproj", "{D0D1E6D9-3A26-4B3D-BCEB-D3B378099A5D}"
EndProject
Project("{9A19103F-16F7-4668-BE54-9A1E7A4F7556}") = "R5T.L0001.Y000", "..\..\R5T.L0001\source\R5T.L0001.Y000\R5T.L0001.Y000.csproj", "{175F7FAB-28FE-4829-B8B1-53D21681DA40}"
EndProject
Project("{9A19103F-16F7-4668-BE54-9A1E7A4F7556}") = "R5T.L0001.Z000", "..\..\R5T.L0001\source\R5T.L0001.Z000\R5T.L0001.Z000.csproj", "{0E6828B6-2BAA-485D-9462-FED75F2C9382}"
EndProject
Project("{9A19103F-16F7-4668-BE54-9A1E7A4F7556}") = "R5T.L0001", "..\..\R5T.L0001\source\R5T.L0001\R5T.L0001.csproj", "{B25E3C77-3CF8-4AAC-A233-0C50E7EBA150}"
EndProject
Project("{9A19103F-16F7-4668-BE54-9A1E7A4F7556}") = "R5T.NG0005", "..\..\R5T.NG0005\source\R5T.NG0005\R5T.NG0005.csproj", "{19E15163-DD56-42F9-B2B5-06BA0F2B667E}"
EndProject
Project("{9A19103F-16F7-4668-BE54-9A1E7A4F7556}") = "R5T.NG0006", "..\..\R5T.NG0006\source\R5T.NG0006\R5T.NG0006.csproj", "{D5D3EFE2-481D-400D-84B6-60D7B4A3A04D}"
EndProject
Project("{9A19103F-16F7-4668-BE54-9A1E7A4F7556}") = "R5T.NG0008", "..\..\R5T.NG0008\source\R5T.NG0008\R5T.NG0008.csproj", "{655CADA2-6E84-4139-A2E1-BFE111EB8760}"
EndProject
Project("{9A19103F-16F7-4668-BE54-9A1E7A4F7556}") = "R5T.T0046", "..\..\R5T.T0046\source\R5T.T0046\R5T.T0046.csproj", "{DCB5CF67-4F2B-488B-A404-31A2A9797B81}"
EndProject
Project("{9A19103F-16F7-4668-BE54-9A1E7A4F7556}") = "R5T.T0131", "..\..\R5T.T0131\source\R5T.T0131\R5T.T0131.csproj", "{F934314F-5A61-4060-BAF4-C3710E8A0AE0}"
EndProject
Project("{9A19103F-16F7-4668-BE54-9A1E7A4F7556}") = "R5T.T0132", "..\..\R5T.T0132\source\R5T.T0132\R5T.T0132.csproj", "{F8719D74-77DE-4240-B714-0ECA131CB1F7}"
EndProject
Project("{9A19103F-16F7-4668-BE54-9A1E7A4F7556}") = "R5T.T0142", "..\..\R5T.T0142\source\R5T.T0142\R5T.T0142.csproj", "{1EAAC547-5EA0-4AC0-A902-458D1FF29D4B}"
EndProject
Project("{9A19103F-16F7-4668-BE54-9A1E7A4F7556}") = "R5T.T0143", "..\..\R5T.T0143\source\R5T.T0143\R5T.T0143.csproj", "{EFB58B94-F13A-4FA3-A735-FE6834344603}"
EndProject
Project("{9A19103F-16F7-4668-BE54-9A1E7A4F7556}") = "R5T.T0144", "..\..\R5T.T0144\source\R5T.T0144\R5T.T0144.csproj", "{2721CD71-4C01-49DA-9100-0D8D6A7C9F2B}"
EndProject
Project("{9A19103F-16F7-4668-BE54-9A1E7A4F7556}") = "R5T.Y0000", "..\..\R5T.Y0000\source\R5T.Y0000\R5T.Y0000.csproj", "{0230EBA0-FB89-4A24-8379-8AA22EADDA07}"
EndProject
Project("{9A19103F-16F7-4668-BE54-9A1E7A4F7556}") = "R5T.Y0004", "..\..\R5T.Y0004\source\R5T.Y0004\R5T.Y0004.csproj", "{C24FC8B3-D5C2-441A-8F3C-F235F3291A90}"
EndProject
Project("{9A19103F-16F7-4668-BE54-9A1E7A4F7556}") = "R5T.Z0000", "..\..\R5T.Z0000\source\R5T.Z0000\R5T.Z0000.csproj", "{C990F160-FFDD-4724-ABD6-9B2743C356E0}"
EndProject
Project("{9A19103F-16F7-4668-BE54-9A1E7A4F7556}") = "R5T.Z0005", "..\..\R5T.Z0005\source\R5T.Z0005\R5T.Z0005.csproj", "{FBE6F480-0C6E-4B59-A721-C5955BFBA9DE}"
EndProject
Project("{9A19103F-16F7-4668-BE54-9A1E7A4F7556}") = "R5T.Z0013", "..\..\R5T.Z0013\source\R5T.Z0013\R5T.Z0013.csproj", "{C0102315-F471-4E17-92FC-C230188E3731}"
EndProject
Project("{9A19103F-16F7-4668-BE54-9A1E7A4F7556}") = "R5T.F0042.F001", "R5T.F0042.F001\R5T.F0042.F001.csproj", "{342CE606-AC15-47D5-B79E-06B2395D7E38}"
EndProject
Project("{9A19103F-16F7-4668-BE54-9A1E7A4F7556}") = "R5T.F0091", "..\..\R5T.F0091\source\R5T.F0091\R5T.F0091.csproj", "{EA5652FB-2178-4B61-A2FA-7917D825A62F}"
EndProject
Global
	GlobalSection(SolutionConfigurationPlatforms) = preSolution
		Debug|Any CPU = Debug|Any CPU
		Release|Any CPU = Release|Any CPU
	EndGlobalSection
	GlobalSection(ProjectConfigurationPlatforms) = postSolution
		{2FF47648-D257-4026-AB43-121EC919BF16}.Debug|Any CPU.ActiveCfg = Debug|Any CPU
		{2FF47648-D257-4026-AB43-121EC919BF16}.Debug|Any CPU.Build.0 = Debug|Any CPU
		{2FF47648-D257-4026-AB43-121EC919BF16}.Release|Any CPU.ActiveCfg = Release|Any CPU
		{2FF47648-D257-4026-AB43-121EC919BF16}.Release|Any CPU.Build.0 = Release|Any CPU
		{D1200347-EE2A-408F-A869-CE8A57E1A95E}.Debug|Any CPU.ActiveCfg = Debug|Any CPU
		{D1200347-EE2A-408F-A869-CE8A57E1A95E}.Debug|Any CPU.Build.0 = Debug|Any CPU
		{D1200347-EE2A-408F-A869-CE8A57E1A95E}.Release|Any CPU.ActiveCfg = Release|Any CPU
		{D1200347-EE2A-408F-A869-CE8A57E1A95E}.Release|Any CPU.Build.0 = Release|Any CPU
		{098AD4F2-7350-4C76-876E-7644B36A1E3C}.Debug|Any CPU.ActiveCfg = Debug|Any CPU
		{098AD4F2-7350-4C76-876E-7644B36A1E3C}.Debug|Any CPU.Build.0 = Debug|Any CPU
		{098AD4F2-7350-4C76-876E-7644B36A1E3C}.Release|Any CPU.ActiveCfg = Release|Any CPU
		{098AD4F2-7350-4C76-876E-7644B36A1E3C}.Release|Any CPU.Build.0 = Release|Any CPU
		{A8FD5D4B-1447-4F70-B298-16FD71AE55F2}.Debug|Any CPU.ActiveCfg = Debug|Any CPU
		{A8FD5D4B-1447-4F70-B298-16FD71AE55F2}.Debug|Any CPU.Build.0 = Debug|Any CPU
		{A8FD5D4B-1447-4F70-B298-16FD71AE55F2}.Release|Any CPU.ActiveCfg = Release|Any CPU
		{A8FD5D4B-1447-4F70-B298-16FD71AE55F2}.Release|Any CPU.Build.0 = Release|Any CPU
		{8D6EDFB9-6DDE-4F33-BFC1-D8FA6A7DCEC4}.Debug|Any CPU.ActiveCfg = Debug|Any CPU
		{8D6EDFB9-6DDE-4F33-BFC1-D8FA6A7DCEC4}.Debug|Any CPU.Build.0 = Debug|Any CPU
		{8D6EDFB9-6DDE-4F33-BFC1-D8FA6A7DCEC4}.Release|Any CPU.ActiveCfg = Release|Any CPU
		{8D6EDFB9-6DDE-4F33-BFC1-D8FA6A7DCEC4}.Release|Any CPU.Build.0 = Release|Any CPU
		{88CB3C3E-B3DE-4739-83DE-D6AF9478D9A0}.Debug|Any CPU.ActiveCfg = Debug|Any CPU
		{88CB3C3E-B3DE-4739-83DE-D6AF9478D9A0}.Debug|Any CPU.Build.0 = Debug|Any CPU
		{88CB3C3E-B3DE-4739-83DE-D6AF9478D9A0}.Release|Any CPU.ActiveCfg = Release|Any CPU
		{88CB3C3E-B3DE-4739-83DE-D6AF9478D9A0}.Release|Any CPU.Build.0 = Release|Any CPU
		{307BA290-C50B-48BF-B9C9-46F91E6545D7}.Debug|Any CPU.ActiveCfg = Debug|Any CPU
		{307BA290-C50B-48BF-B9C9-46F91E6545D7}.Debug|Any CPU.Build.0 = Debug|Any CPU
		{307BA290-C50B-48BF-B9C9-46F91E6545D7}.Release|Any CPU.ActiveCfg = Release|Any CPU
		{307BA290-C50B-48BF-B9C9-46F91E6545D7}.Release|Any CPU.Build.0 = Release|Any CPU
		{BA1B1EF9-D6C1-4252-8C1D-454E924313A2}.Debug|Any CPU.ActiveCfg = Debug|Any CPU
		{BA1B1EF9-D6C1-4252-8C1D-454E924313A2}.Debug|Any CPU.Build.0 = Debug|Any CPU
		{BA1B1EF9-D6C1-4252-8C1D-454E924313A2}.Release|Any CPU.ActiveCfg = Release|Any CPU
		{BA1B1EF9-D6C1-4252-8C1D-454E924313A2}.Release|Any CPU.Build.0 = Release|Any CPU
		{F345E0BF-3AD9-4B3B-9441-ADA3013C1E12}.Debug|Any CPU.ActiveCfg = Debug|Any CPU
		{F345E0BF-3AD9-4B3B-9441-ADA3013C1E12}.Debug|Any CPU.Build.0 = Debug|Any CPU
		{F345E0BF-3AD9-4B3B-9441-ADA3013C1E12}.Release|Any CPU.ActiveCfg = Release|Any CPU
		{F345E0BF-3AD9-4B3B-9441-ADA3013C1E12}.Release|Any CPU.Build.0 = Release|Any CPU
		{D0D1E6D9-3A26-4B3D-BCEB-D3B378099A5D}.Debug|Any CPU.ActiveCfg = Debug|Any CPU
		{D0D1E6D9-3A26-4B3D-BCEB-D3B378099A5D}.Debug|Any CPU.Build.0 = Debug|Any CPU
		{D0D1E6D9-3A26-4B3D-BCEB-D3B378099A5D}.Release|Any CPU.ActiveCfg = Release|Any CPU
		{D0D1E6D9-3A26-4B3D-BCEB-D3B378099A5D}.Release|Any CPU.Build.0 = Release|Any CPU
		{175F7FAB-28FE-4829-B8B1-53D21681DA40}.Debug|Any CPU.ActiveCfg = Debug|Any CPU
		{175F7FAB-28FE-4829-B8B1-53D21681DA40}.Debug|Any CPU.Build.0 = Debug|Any CPU
		{175F7FAB-28FE-4829-B8B1-53D21681DA40}.Release|Any CPU.ActiveCfg = Release|Any CPU
		{175F7FAB-28FE-4829-B8B1-53D21681DA40}.Release|Any CPU.Build.0 = Release|Any CPU
		{0E6828B6-2BAA-485D-9462-FED75F2C9382}.Debug|Any CPU.ActiveCfg = Debug|Any CPU
		{0E6828B6-2BAA-485D-9462-FED75F2C9382}.Debug|Any CPU.Build.0 = Debug|Any CPU
		{0E6828B6-2BAA-485D-9462-FED75F2C9382}.Release|Any CPU.ActiveCfg = Release|Any CPU
		{0E6828B6-2BAA-485D-9462-FED75F2C9382}.Release|Any CPU.Build.0 = Release|Any CPU
		{B25E3C77-3CF8-4AAC-A233-0C50E7EBA150}.Debug|Any CPU.ActiveCfg = Debug|Any CPU
		{B25E3C77-3CF8-4AAC-A233-0C50E7EBA150}.Debug|Any CPU.Build.0 = Debug|Any CPU
		{B25E3C77-3CF8-4AAC-A233-0C50E7EBA150}.Release|Any CPU.ActiveCfg = Release|Any CPU
		{B25E3C77-3CF8-4AAC-A233-0C50E7EBA150}.Release|Any CPU.Build.0 = Release|Any CPU
		{19E15163-DD56-42F9-B2B5-06BA0F2B667E}.Debug|Any CPU.ActiveCfg = Debug|Any CPU
		{19E15163-DD56-42F9-B2B5-06BA0F2B667E}.Debug|Any CPU.Build.0 = Debug|Any CPU
		{19E15163-DD56-42F9-B2B5-06BA0F2B667E}.Release|Any CPU.ActiveCfg = Release|Any CPU
		{19E15163-DD56-42F9-B2B5-06BA0F2B667E}.Release|Any CPU.Build.0 = Release|Any CPU
		{D5D3EFE2-481D-400D-84B6-60D7B4A3A04D}.Debug|Any CPU.ActiveCfg = Debug|Any CPU
		{D5D3EFE2-481D-400D-84B6-60D7B4A3A04D}.Debug|Any CPU.Build.0 = Debug|Any CPU
		{D5D3EFE2-481D-400D-84B6-60D7B4A3A04D}.Release|Any CPU.ActiveCfg = Release|Any CPU
		{D5D3EFE2-481D-400D-84B6-60D7B4A3A04D}.Release|Any CPU.Build.0 = Release|Any CPU
		{655CADA2-6E84-4139-A2E1-BFE111EB8760}.Debug|Any CPU.ActiveCfg = Debug|Any CPU
		{655CADA2-6E84-4139-A2E1-BFE111EB8760}.Debug|Any CPU.Build.0 = Debug|Any CPU
		{655CADA2-6E84-4139-A2E1-BFE111EB8760}.Release|Any CPU.ActiveCfg = Release|Any CPU
		{655CADA2-6E84-4139-A2E1-BFE111EB8760}.Release|Any CPU.Build.0 = Release|Any CPU
		{DCB5CF67-4F2B-488B-A404-31A2A9797B81}.Debug|Any CPU.ActiveCfg = Debug|Any CPU
		{DCB5CF67-4F2B-488B-A404-31A2A9797B81}.Debug|Any CPU.Build.0 = Debug|Any CPU
		{DCB5CF67-4F2B-488B-A404-31A2A9797B81}.Release|Any CPU.ActiveCfg = Release|Any CPU
		{DCB5CF67-4F2B-488B-A404-31A2A9797B81}.Release|Any CPU.Build.0 = Release|Any CPU
		{F934314F-5A61-4060-BAF4-C3710E8A0AE0}.Debug|Any CPU.ActiveCfg = Debug|Any CPU
		{F934314F-5A61-4060-BAF4-C3710E8A0AE0}.Debug|Any CPU.Build.0 = Debug|Any CPU
		{F934314F-5A61-4060-BAF4-C3710E8A0AE0}.Release|Any CPU.ActiveCfg = Release|Any CPU
		{F934314F-5A61-4060-BAF4-C3710E8A0AE0}.Release|Any CPU.Build.0 = Release|Any CPU
		{F8719D74-77DE-4240-B714-0ECA131CB1F7}.Debug|Any CPU.ActiveCfg = Debug|Any CPU
		{F8719D74-77DE-4240-B714-0ECA131CB1F7}.Debug|Any CPU.Build.0 = Debug|Any CPU
		{F8719D74-77DE-4240-B714-0ECA131CB1F7}.Release|Any CPU.ActiveCfg = Release|Any CPU
		{F8719D74-77DE-4240-B714-0ECA131CB1F7}.Release|Any CPU.Build.0 = Release|Any CPU
		{1EAAC547-5EA0-4AC0-A902-458D1FF29D4B}.Debug|Any CPU.ActiveCfg = Debug|Any CPU
		{1EAAC547-5EA0-4AC0-A902-458D1FF29D4B}.Debug|Any CPU.Build.0 = Debug|Any CPU
		{1EAAC547-5EA0-4AC0-A902-458D1FF29D4B}.Release|Any CPU.ActiveCfg = Release|Any CPU
		{1EAAC547-5EA0-4AC0-A902-458D1FF29D4B}.Release|Any CPU.Build.0 = Release|Any CPU
		{EFB58B94-F13A-4FA3-A735-FE6834344603}.Debug|Any CPU.ActiveCfg = Debug|Any CPU
		{EFB58B94-F13A-4FA3-A735-FE6834344603}.Debug|Any CPU.Build.0 = Debug|Any CPU
		{EFB58B94-F13A-4FA3-A735-FE6834344603}.Release|Any CPU.ActiveCfg = Release|Any CPU
		{EFB58B94-F13A-4FA3-A735-FE6834344603}.Release|Any CPU.Build.0 = Release|Any CPU
		{2721CD71-4C01-49DA-9100-0D8D6A7C9F2B}.Debug|Any CPU.ActiveCfg = Debug|Any CPU
		{2721CD71-4C01-49DA-9100-0D8D6A7C9F2B}.Debug|Any CPU.Build.0 = Debug|Any CPU
		{2721CD71-4C01-49DA-9100-0D8D6A7C9F2B}.Release|Any CPU.ActiveCfg = Release|Any CPU
		{2721CD71-4C01-49DA-9100-0D8D6A7C9F2B}.Release|Any CPU.Build.0 = Release|Any CPU
		{0230EBA0-FB89-4A24-8379-8AA22EADDA07}.Debug|Any CPU.ActiveCfg = Debug|Any CPU
		{0230EBA0-FB89-4A24-8379-8AA22EADDA07}.Debug|Any CPU.Build.0 = Debug|Any CPU
		{0230EBA0-FB89-4A24-8379-8AA22EADDA07}.Release|Any CPU.ActiveCfg = Release|Any CPU
		{0230EBA0-FB89-4A24-8379-8AA22EADDA07}.Release|Any CPU.Build.0 = Release|Any CPU
		{C24FC8B3-D5C2-441A-8F3C-F235F3291A90}.Debug|Any CPU.ActiveCfg = Debug|Any CPU
		{C24FC8B3-D5C2-441A-8F3C-F235F3291A90}.Debug|Any CPU.Build.0 = Debug|Any CPU
		{C24FC8B3-D5C2-441A-8F3C-F235F3291A90}.Release|Any CPU.ActiveCfg = Release|Any CPU
		{C24FC8B3-D5C2-441A-8F3C-F235F3291A90}.Release|Any CPU.Build.0 = Release|Any CPU
		{C990F160-FFDD-4724-ABD6-9B2743C356E0}.Debug|Any CPU.ActiveCfg = Debug|Any CPU
		{C990F160-FFDD-4724-ABD6-9B2743C356E0}.Debug|Any CPU.Build.0 = Debug|Any CPU
		{C990F160-FFDD-4724-ABD6-9B2743C356E0}.Release|Any CPU.ActiveCfg = Release|Any CPU
		{C990F160-FFDD-4724-ABD6-9B2743C356E0}.Release|Any CPU.Build.0 = Release|Any CPU
		{FBE6F480-0C6E-4B59-A721-C5955BFBA9DE}.Debug|Any CPU.ActiveCfg = Debug|Any CPU
		{FBE6F480-0C6E-4B59-A721-C5955BFBA9DE}.Debug|Any CPU.Build.0 = Debug|Any CPU
		{FBE6F480-0C6E-4B59-A721-C5955BFBA9DE}.Release|Any CPU.ActiveCfg = Release|Any CPU
		{FBE6F480-0C6E-4B59-A721-C5955BFBA9DE}.Release|Any CPU.Build.0 = Release|Any CPU
		{C0102315-F471-4E17-92FC-C230188E3731}.Debug|Any CPU.ActiveCfg = Debug|Any CPU
		{C0102315-F471-4E17-92FC-C230188E3731}.Debug|Any CPU.Build.0 = Debug|Any CPU
		{C0102315-F471-4E17-92FC-C230188E3731}.Release|Any CPU.ActiveCfg = Release|Any CPU
		{C0102315-F471-4E17-92FC-C230188E3731}.Release|Any CPU.Build.0 = Release|Any CPU
		{342CE606-AC15-47D5-B79E-06B2395D7E38}.Debug|Any CPU.ActiveCfg = Debug|Any CPU
		{342CE606-AC15-47D5-B79E-06B2395D7E38}.Debug|Any CPU.Build.0 = Debug|Any CPU
		{342CE606-AC15-47D5-B79E-06B2395D7E38}.Release|Any CPU.ActiveCfg = Release|Any CPU
		{342CE606-AC15-47D5-B79E-06B2395D7E38}.Release|Any CPU.Build.0 = Release|Any CPU
		{EA5652FB-2178-4B61-A2FA-7917D825A62F}.Debug|Any CPU.ActiveCfg = Debug|Any CPU
		{EA5652FB-2178-4B61-A2FA-7917D825A62F}.Debug|Any CPU.Build.0 = Debug|Any CPU
		{EA5652FB-2178-4B61-A2FA-7917D825A62F}.Release|Any CPU.ActiveCfg = Release|Any CPU
		{EA5652FB-2178-4B61-A2FA-7917D825A62F}.Release|Any CPU.Build.0 = Release|Any CPU
	EndGlobalSection
	GlobalSection(SolutionProperties) = preSolution
		HideSolutionNode = FALSE
	EndGlobalSection
	GlobalSection(NestedProjects) = preSolution
		{098AD4F2-7350-4C76-876E-7644B36A1E3C} = {3A2085A6-3712-446B-8725-DDAC878EA929}
		{A8FD5D4B-1447-4F70-B298-16FD71AE55F2} = {3A2085A6-3712-446B-8725-DDAC878EA929}
		{8D6EDFB9-6DDE-4F33-BFC1-D8FA6A7DCEC4} = {3A2085A6-3712-446B-8725-DDAC878EA929}
		{88CB3C3E-B3DE-4739-83DE-D6AF9478D9A0} = {3A2085A6-3712-446B-8725-DDAC878EA929}
		{307BA290-C50B-48BF-B9C9-46F91E6545D7} = {3A2085A6-3712-446B-8725-DDAC878EA929}
		{BA1B1EF9-D6C1-4252-8C1D-454E924313A2} = {3A2085A6-3712-446B-8725-DDAC878EA929}
		{F345E0BF-3AD9-4B3B-9441-ADA3013C1E12} = {3A2085A6-3712-446B-8725-DDAC878EA929}
		{D0D1E6D9-3A26-4B3D-BCEB-D3B378099A5D} = {3A2085A6-3712-446B-8725-DDAC878EA929}
		{175F7FAB-28FE-4829-B8B1-53D21681DA40} = {3A2085A6-3712-446B-8725-DDAC878EA929}
		{0E6828B6-2BAA-485D-9462-FED75F2C9382} = {3A2085A6-3712-446B-8725-DDAC878EA929}
		{B25E3C77-3CF8-4AAC-A233-0C50E7EBA150} = {3A2085A6-3712-446B-8725-DDAC878EA929}
		{19E15163-DD56-42F9-B2B5-06BA0F2B667E} = {3A2085A6-3712-446B-8725-DDAC878EA929}
		{D5D3EFE2-481D-400D-84B6-60D7B4A3A04D} = {3A2085A6-3712-446B-8725-DDAC878EA929}
		{655CADA2-6E84-4139-A2E1-BFE111EB8760} = {3A2085A6-3712-446B-8725-DDAC878EA929}
		{DCB5CF67-4F2B-488B-A404-31A2A9797B81} = {3A2085A6-3712-446B-8725-DDAC878EA929}
		{F934314F-5A61-4060-BAF4-C3710E8A0AE0} = {3A2085A6-3712-446B-8725-DDAC878EA929}
		{F8719D74-77DE-4240-B714-0ECA131CB1F7} = {3A2085A6-3712-446B-8725-DDAC878EA929}
		{1EAAC547-5EA0-4AC0-A902-458D1FF29D4B} = {3A2085A6-3712-446B-8725-DDAC878EA929}
		{EFB58B94-F13A-4FA3-A735-FE6834344603} = {3A2085A6-3712-446B-8725-DDAC878EA929}
		{2721CD71-4C01-49DA-9100-0D8D6A7C9F2B} = {3A2085A6-3712-446B-8725-DDAC878EA929}
		{0230EBA0-FB89-4A24-8379-8AA22EADDA07} = {3A2085A6-3712-446B-8725-DDAC878EA929}
		{C24FC8B3-D5C2-441A-8F3C-F235F3291A90} = {3A2085A6-3712-446B-8725-DDAC878EA929}
		{C990F160-FFDD-4724-ABD6-9B2743C356E0} = {3A2085A6-3712-446B-8725-DDAC878EA929}
		{FBE6F480-0C6E-4B59-A721-C5955BFBA9DE} = {3A2085A6-3712-446B-8725-DDAC878EA929}
		{C0102315-F471-4E17-92FC-C230188E3731} = {3A2085A6-3712-446B-8725-DDAC878EA929}
		{EA5652FB-2178-4B61-A2FA-7917D825A62F} = {3A2085A6-3712-446B-8725-DDAC878EA929}
	EndGlobalSection
	GlobalSection(ExtensibilityGlobals) = postSolution
		SolutionGuid = {6388C661-55E2-4E97-8679-E60D30B30450}
	EndGlobalSection
EndGlobal
